// !$*UTF8*$!
{
	archiveVersion = 1;
	classes = {
	};
	objectVersion = 50;
	objects = {

/* Begin PBXBuildFile section */
		02DCACE5F86E06637A266E168CE4D7ED /* Player.swift in Sources */ = {isa = PBXBuildFile; fileRef = F7F033747AC483C496F37894CCE09636 /* Player.swift */; };
		0E10FAC9B556BF06AF4DEE1B135F1EA3 /* PlayerTests.swift in Sources */ = {isa = PBXBuildFile; fileRef = AD9EBB2467903F34EE0A26577B11A2F3 /* PlayerTests.swift */; };
		1253038DFD3AC878D9A31A7EFE1DA7CE /* TestTypeExtensions.swift in Sources */ = {isa = PBXBuildFile; fileRef = F43CAA17E0232D04492E941602D20052 /* TestTypeExtensions.swift */; };
		1621FEE10894216589A4CDF6E0EEDFAB /* AppDelegate.swift in Sources */ = {isa = PBXBuildFile; fileRef = 123A58E94F8AE93E01E4DECC8B8B2D05 /* AppDelegate.swift */; };
		16CB7C78A11F0719BAA27F2AE66A5ED7 /* MatchesPresenter.swift in Sources */ = {isa = PBXBuildFile; fileRef = 517E234DF25DC035F29FF9427B2B752A /* MatchesPresenter.swift */; };
		17642079BB377D9B8E98CFAC06FCB8CB /* PlayersInterpreter.swift in Sources */ = {isa = PBXBuildFile; fileRef = 7E41211F655945A84128D73F3617DCC4 /* PlayersInterpreter.swift */; };
		190624C18C971F4E122EE06F96A4E089 /* Assets.xcassets in Resources */ = {isa = PBXBuildFile; fileRef = 6D71B3315BA185E1E807BC2929C25A83 /* Assets.xcassets */; };
		1D4CE917CE43DDC26272FD2EC67A7121 /* GamesInterpreter.swift in Sources */ = {isa = PBXBuildFile; fileRef = 82C903889EBAB1666D396B43D94F4C52 /* GamesInterpreter.swift */; };
		1D6604B0DBF72066D76C4D1D1BD92D4F /* GamesPresenter.swift in Sources */ = {isa = PBXBuildFile; fileRef = 9842C7E4ADE3EFE475E5E729B4AC343C /* GamesPresenter.swift */; };
		21B011D595BC363CEB26167BA1C4EF5E /* MatchDetailPresenter.swift in Sources */ = {isa = PBXBuildFile; fileRef = 2BAD9783B63A8FF9367F562AA5CD6A59 /* MatchDetailPresenter.swift */; };
		236F3E8D95DC0C98BDBDCEE25C51A967 /* Game.swift in Sources */ = {isa = PBXBuildFile; fileRef = 4D225D33F61D074727EF83E5235CC115 /* Game.swift */; };
		30E0A2C5AA8FDFD13B7F65D2905DA56F /* PlayerDetailInterpreter.swift in Sources */ = {isa = PBXBuildFile; fileRef = 01D6AB75207463CC6EBB11BB793D0A70 /* PlayerDetailInterpreter.swift */; };
		3618AF41C15F37A33E65F9F9D47BBB9B /* ScoreTests.swift in Sources */ = {isa = PBXBuildFile; fileRef = 217EFDD854197E70C8C24D3D8BCFC4B7 /* ScoreTests.swift */; };
		46108B95119B5A2AECAE155902562871 /* GameGroup.swift in Sources */ = {isa = PBXBuildFile; fileRef = FCEE882FA46650F1F678B3245474E582 /* GameGroup.swift */; };
		465B88D7FBB6BFFEE322DD37BFEF1A18 /* VIPViewController.swift in Sources */ = {isa = PBXBuildFile; fileRef = CD50FD42542812B604F51D8681B88438 /* VIPViewController.swift */; };
		4B2CB78FF5D494EC7B167EC28CAB12DC /* Type Extensions.swift in Sources */ = {isa = PBXBuildFile; fileRef = 9690CFC8E088E38A939C74F7AC959873 /* Type Extensions.swift */; };
		4EA29E82B7055C5395FB27E018675D27 /* MatchModificationInterpreter.swift in Sources */ = {isa = PBXBuildFile; fileRef = ABB1C208FB90BEB2AF2B8967D37641A5 /* MatchModificationInterpreter.swift */; };
		4F30BACC14E977414FC19E760CCD2BB0 /* PlayersView.swift in Sources */ = {isa = PBXBuildFile; fileRef = 7198DD6599D8E48D6E389A0E7F68BF40 /* PlayersView.swift */; };
		5BF6B8770A2E0BF3ABF9AC90EF8F90B7 /* PlayerModificationInterpreter.swift in Sources */ = {isa = PBXBuildFile; fileRef = 7DB1CA6FC70E0FC035617B2C666E3E65 /* PlayerModificationInterpreter.swift */; };
		5D293BEEC1D6103BF92110D813DC7FA6 /* GameDetailInterpreter.swift in Sources */ = {isa = PBXBuildFile; fileRef = 8711C41DEAA9CEF77ADBB08E12FE26C0 /* GameDetailInterpreter.swift */; };
		65F017F1CF2BCB72BA4222D75E26AC5A /* GameGroupTests.swift in Sources */ = {isa = PBXBuildFile; fileRef = 04E447E7F69D61B0C0C6A5B94AA8CF81 /* GameGroupTests.swift */; };
		66038A2947774D6E71C0062AD214FDFD /* MatchModificationView.swift in Sources */ = {isa = PBXBuildFile; fileRef = 364B924C2838A48762D3F9164342CE6D /* MatchModificationView.swift */; };
		66DC8A2A485B9F48470BF79D0F125106 /* Spielebuch.xcdatamodeld in Sources */ = {isa = PBXBuildFile; fileRef = 5D7CF9B8ACADF573883959B6AB30F055 /* Spielebuch.xcdatamodeld */; };
		676BD66013F5FDF78C3FB40DD0F6631D /* MatchesInterpreter.swift in Sources */ = {isa = PBXBuildFile; fileRef = 22538D704F2DB830E7B3D76D2EBCD5DF /* MatchesInterpreter.swift */; };
		6A39FFE7B4D289FC91B26CB5CCEEED93 /* PlayerModificationPresenter.swift in Sources */ = {isa = PBXBuildFile; fileRef = 8F206A0F140E171E5A167E54DF3A7B59 /* PlayerModificationPresenter.swift */; };
		6B504B7523BB142A305585D1FBB28673 /* PlayerModificationView.swift in Sources */ = {isa = PBXBuildFile; fileRef = 24D57D952FEC8DC939B8A0C73156F18F /* PlayerModificationView.swift */; };
		741C8585F62971BEF7C57473737ADD3D /* GamesView.swift in Sources */ = {isa = PBXBuildFile; fileRef = 017F9603789A1B5E32222E37BE9BAA77 /* GamesView.swift */; };
		8903D330A3D8E30312DE74E8DCC9B347 /* SwiftyBeaver.framework in Frameworks */ = {isa = PBXBuildFile; fileRef = 8133DC6C1FC05E0F010FD497AE527745 /* SwiftyBeaver.framework */; };
		8A7C846036661C8451AA32C695C442A4 /* Mock.swift in Sources */ = {isa = PBXBuildFile; fileRef = 1D17E512A0E9AE46C89B3C46F218CA43 /* Mock.swift */; };
		8CC349FC1C802B83E799A330D4F6311C /* Models+Defaults.swift in Sources */ = {isa = PBXBuildFile; fileRef = 6080FD57DEFC9FEACB3C8FC92223ECAF /* Models+Defaults.swift */; };
		93E739069C29E1AD4B09A0B9C08B1ADB /* GameDetailView.swift in Sources */ = {isa = PBXBuildFile; fileRef = B304877B6D5EE85DF942FE8124E4EB41 /* GameDetailView.swift */; };
		A176D406BE9B9E60FCA78015293D3189 /* Score.swift in Sources */ = {isa = PBXBuildFile; fileRef = 74D987E8D18E77AD7D811E8518647AA9 /* Score.swift */; };
		ACFC7E969A7A3A145261AAC6EB720DE7 /* Match.swift in Sources */ = {isa = PBXBuildFile; fileRef = B0DB9DCD5712A55916A60AAE41CB0071 /* Match.swift */; };
		AE2512C4A5BE49184F4F67E4EFFEF781 /* MatchesView.swift in Sources */ = {isa = PBXBuildFile; fileRef = 47EBEAF1C2734129BC5C29272A1E95AC /* MatchesView.swift */; };
		B4F7B10E15390AD71AAC75378849F585 /* GameModificationView.swift in Sources */ = {isa = PBXBuildFile; fileRef = 4E4BD9BFF1FF8FBE1AA4567E85945278 /* GameModificationView.swift */; };
		BACC0C4A14D8B15F359FA5B15B744936 /* VIPViewSetupData.swift in Sources */ = {isa = PBXBuildFile; fileRef = 90BFD5819F17D38DA8FB6D7D992EDD66 /* VIPViewSetupData.swift */; };
		D60E4D537A9985DB62F0CEB1D24D91D0 /* SnapKit.framework in Frameworks */ = {isa = PBXBuildFile; fileRef = 894DC39CF8E8E24AEBC67D2F9E53F96B /* SnapKit.framework */; };
		DB51437FC3B75280B56EAB2BC3779CC0 /* GameModificationPresenter.swift in Sources */ = {isa = PBXBuildFile; fileRef = BB76A5C48722F5F7B06FF655EB1965AD /* GameModificationPresenter.swift */; };
		E27B6620EC6AB537E5F433D87334C65E /* GameDetailPresenter.swift in Sources */ = {isa = PBXBuildFile; fileRef = A275A174D3A45E56EB50609ED964907E /* GameDetailPresenter.swift */; };
		E6F7C6D43BB36CBBB8DE94AC4AC16246 /* MatchModificationPresenter.swift in Sources */ = {isa = PBXBuildFile; fileRef = AFFBB77A4F6F48676B4F09A9FFDFB6C6 /* MatchModificationPresenter.swift */; };
		E90FD5B12B32C300B37DBC259C0CDACE /* MatchDetailView.swift in Sources */ = {isa = PBXBuildFile; fileRef = 25088F9B9423D95956486C65DF20FAB9 /* MatchDetailView.swift */; };
		EA2872AB52F7DEDECD8C5D724D81B7F6 /* PlayerDetailPresenter.swift in Sources */ = {isa = PBXBuildFile; fileRef = DAE1552BBFB334BE35887A4D7C22D556 /* PlayerDetailPresenter.swift */; };
		EAF84487C9F5AD12F279BC0F23C2C573 /* MatchTests.swift in Sources */ = {isa = PBXBuildFile; fileRef = F650B1B1F6E39876B8BE70D8867392FE /* MatchTests.swift */; };
		EC6CF9158CF8F7EE20F309B5CF7928AB /* PlayersPresenter.swift in Sources */ = {isa = PBXBuildFile; fileRef = 166A5A0DFC6D46A2242C643D2152FF4B /* PlayersPresenter.swift */; };
		ED160467E1886A17831121076C74127C /* Margin.swift in Sources */ = {isa = PBXBuildFile; fileRef = FF0DA7E5771813AC70C1C4D9E796E565 /* Margin.swift */; };
		EF791F29C1141CAD55D1A3288A3ACC52 /* LaunchScreen.storyboard in Resources */ = {isa = PBXBuildFile; fileRef = AB0838AED6EA30674528D184F71B421A /* LaunchScreen.storyboard */; };
		F4E9590919EE1F9775AB9C3C861F4656 /* PlayerDetailView.swift in Sources */ = {isa = PBXBuildFile; fileRef = 9C728D396B84D8469E0F45EF7717D9EC /* PlayerDetailView.swift */; };
		F8C85EFBA3D68C09EF37AFEA01D88B33 /* GameModificationInterpreter.swift in Sources */ = {isa = PBXBuildFile; fileRef = 0E1C310690B3E7CDAF964E33A36FB238 /* GameModificationInterpreter.swift */; };
		FA9DFCA1644772D52375261C8D92A8BD /* MatchDetailInterpreter.swift in Sources */ = {isa = PBXBuildFile; fileRef = A37A91938BF1CA8435DA64D0DD010284 /* MatchDetailInterpreter.swift */; };
		FACE9C643A18EBB75745BFDE488CE0D3 /* GameTests.swift in Sources */ = {isa = PBXBuildFile; fileRef = 8D441795AC8CC24F16114BBDBD0D687B /* GameTests.swift */; };
/* End PBXBuildFile section */

/* Begin PBXContainerItemProxy section */
		509261C139B446896FBE5EFA3D8825F8 /* PBXContainerItemProxy */ = {
			isa = PBXContainerItemProxy;
			containerPortal = 536CFBA0EEAF40EBA4892DD68F31F7B6 /* Project object */;
			proxyType = 1;
			remoteGlobalIDString = C3D4468F83ECD290BAFF08C1BF80A474;
			remoteInfo = Spielebuch;
		};
/* End PBXContainerItemProxy section */

/* Begin PBXFileReference section */
		017F9603789A1B5E32222E37BE9BAA77 /* GamesView.swift */ = {isa = PBXFileReference; lastKnownFileType = sourcecode.swift; path = GamesView.swift; sourceTree = "<group>"; };
		01D6AB75207463CC6EBB11BB793D0A70 /* PlayerDetailInterpreter.swift */ = {isa = PBXFileReference; lastKnownFileType = sourcecode.swift; path = PlayerDetailInterpreter.swift; sourceTree = "<group>"; };
		04E447E7F69D61B0C0C6A5B94AA8CF81 /* GameGroupTests.swift */ = {isa = PBXFileReference; lastKnownFileType = sourcecode.swift; path = GameGroupTests.swift; sourceTree = "<group>"; };
		0E1C310690B3E7CDAF964E33A36FB238 /* GameModificationInterpreter.swift */ = {isa = PBXFileReference; lastKnownFileType = sourcecode.swift; path = GameModificationInterpreter.swift; sourceTree = "<group>"; };
		115F9414EEEC7B2753E12E9DCA3423B0 /* Spielebuch.xcdatamodel */ = {isa = PBXFileReference; lastKnownFileType = wrapper.xcdatamodel; path = Spielebuch.xcdatamodel; sourceTree = "<group>"; };
		123A58E94F8AE93E01E4DECC8B8B2D05 /* AppDelegate.swift */ = {isa = PBXFileReference; lastKnownFileType = sourcecode.swift; path = AppDelegate.swift; sourceTree = "<group>"; };
		12D2EE4975CD60DC8BAE50D699CA8386 /* PullToReach.framework */ = {isa = PBXFileReference; lastKnownFileType = wrapper.framework; name = PullToReach.framework; path = Carthage/Build/iOS/PullToReach.framework; sourceTree = "<group>"; };
		166A5A0DFC6D46A2242C643D2152FF4B /* PlayersPresenter.swift */ = {isa = PBXFileReference; lastKnownFileType = sourcecode.swift; path = PlayersPresenter.swift; sourceTree = "<group>"; };
		1D17E512A0E9AE46C89B3C46F218CA43 /* Mock.swift */ = {isa = PBXFileReference; lastKnownFileType = sourcecode.swift; path = Mock.swift; sourceTree = "<group>"; };
		217EFDD854197E70C8C24D3D8BCFC4B7 /* ScoreTests.swift */ = {isa = PBXFileReference; lastKnownFileType = sourcecode.swift; path = ScoreTests.swift; sourceTree = "<group>"; };
		22538D704F2DB830E7B3D76D2EBCD5DF /* MatchesInterpreter.swift */ = {isa = PBXFileReference; lastKnownFileType = sourcecode.swift; path = MatchesInterpreter.swift; sourceTree = "<group>"; };
		24D57D952FEC8DC939B8A0C73156F18F /* PlayerModificationView.swift */ = {isa = PBXFileReference; lastKnownFileType = sourcecode.swift; path = PlayerModificationView.swift; sourceTree = "<group>"; };
		25088F9B9423D95956486C65DF20FAB9 /* MatchDetailView.swift */ = {isa = PBXFileReference; lastKnownFileType = sourcecode.swift; path = MatchDetailView.swift; sourceTree = "<group>"; };
		2BAD9783B63A8FF9367F562AA5CD6A59 /* MatchDetailPresenter.swift */ = {isa = PBXFileReference; lastKnownFileType = sourcecode.swift; path = MatchDetailPresenter.swift; sourceTree = "<group>"; };
		364B924C2838A48762D3F9164342CE6D /* MatchModificationView.swift */ = {isa = PBXFileReference; lastKnownFileType = sourcecode.swift; path = MatchModificationView.swift; sourceTree = "<group>"; };
		47EBEAF1C2734129BC5C29272A1E95AC /* MatchesView.swift */ = {isa = PBXFileReference; lastKnownFileType = sourcecode.swift; path = MatchesView.swift; sourceTree = "<group>"; };
		4D225D33F61D074727EF83E5235CC115 /* Game.swift */ = {isa = PBXFileReference; lastKnownFileType = sourcecode.swift; path = Game.swift; sourceTree = "<group>"; };
		4E4BD9BFF1FF8FBE1AA4567E85945278 /* GameModificationView.swift */ = {isa = PBXFileReference; lastKnownFileType = sourcecode.swift; path = GameModificationView.swift; sourceTree = "<group>"; };
		517E234DF25DC035F29FF9427B2B752A /* MatchesPresenter.swift */ = {isa = PBXFileReference; lastKnownFileType = sourcecode.swift; path = MatchesPresenter.swift; sourceTree = "<group>"; };
		59C6AE3A73461926E756FB2BDDCD6C8D /* Spielebuch.app */ = {isa = PBXFileReference; explicitFileType = wrapper.application; includeInIndex = 0; path = Spielebuch.app; sourceTree = BUILT_PRODUCTS_DIR; };
		6080FD57DEFC9FEACB3C8FC92223ECAF /* Models+Defaults.swift */ = {isa = PBXFileReference; fileEncoding = 4; lastKnownFileType = sourcecode.swift; path = "Models+Defaults.swift"; sourceTree = "<group>"; };
		6258B5EE2D5BDC0EC0630FF4829D6F3E /* SpielebuchTests.xctest */ = {isa = PBXFileReference; explicitFileType = wrapper.cfbundle; includeInIndex = 0; path = SpielebuchTests.xctest; sourceTree = BUILT_PRODUCTS_DIR; };
		6D71B3315BA185E1E807BC2929C25A83 /* Assets.xcassets */ = {isa = PBXFileReference; lastKnownFileType = folder.assetcatalog; path = Assets.xcassets; sourceTree = "<group>"; };
		7198DD6599D8E48D6E389A0E7F68BF40 /* PlayersView.swift */ = {isa = PBXFileReference; lastKnownFileType = sourcecode.swift; path = PlayersView.swift; sourceTree = "<group>"; };
		74D987E8D18E77AD7D811E8518647AA9 /* Score.swift */ = {isa = PBXFileReference; lastKnownFileType = sourcecode.swift; path = Score.swift; sourceTree = "<group>"; };
		7DB1CA6FC70E0FC035617B2C666E3E65 /* PlayerModificationInterpreter.swift */ = {isa = PBXFileReference; lastKnownFileType = sourcecode.swift; path = PlayerModificationInterpreter.swift; sourceTree = "<group>"; };
		7E41211F655945A84128D73F3617DCC4 /* PlayersInterpreter.swift */ = {isa = PBXFileReference; lastKnownFileType = sourcecode.swift; path = PlayersInterpreter.swift; sourceTree = "<group>"; };
		8133DC6C1FC05E0F010FD497AE527745 /* SwiftyBeaver.framework */ = {isa = PBXFileReference; lastKnownFileType = wrapper.framework; name = SwiftyBeaver.framework; path = Carthage/Build/iOS/SwiftyBeaver.framework; sourceTree = "<group>"; };
		82C903889EBAB1666D396B43D94F4C52 /* GamesInterpreter.swift */ = {isa = PBXFileReference; lastKnownFileType = sourcecode.swift; path = GamesInterpreter.swift; sourceTree = "<group>"; };
		8711C41DEAA9CEF77ADBB08E12FE26C0 /* GameDetailInterpreter.swift */ = {isa = PBXFileReference; lastKnownFileType = sourcecode.swift; path = GameDetailInterpreter.swift; sourceTree = "<group>"; };
		894DC39CF8E8E24AEBC67D2F9E53F96B /* SnapKit.framework */ = {isa = PBXFileReference; lastKnownFileType = wrapper.framework; name = SnapKit.framework; path = Carthage/Build/iOS/SnapKit.framework; sourceTree = "<group>"; };
		8D441795AC8CC24F16114BBDBD0D687B /* GameTests.swift */ = {isa = PBXFileReference; lastKnownFileType = sourcecode.swift; path = GameTests.swift; sourceTree = "<group>"; };
		8F206A0F140E171E5A167E54DF3A7B59 /* PlayerModificationPresenter.swift */ = {isa = PBXFileReference; lastKnownFileType = sourcecode.swift; path = PlayerModificationPresenter.swift; sourceTree = "<group>"; };
		90BFD5819F17D38DA8FB6D7D992EDD66 /* VIPViewSetupData.swift */ = {isa = PBXFileReference; lastKnownFileType = sourcecode.swift; path = VIPViewSetupData.swift; sourceTree = "<group>"; };
		9690CFC8E088E38A939C74F7AC959873 /* Type Extensions.swift */ = {isa = PBXFileReference; lastKnownFileType = sourcecode.swift; path = "Type Extensions.swift"; sourceTree = "<group>"; };
		9842C7E4ADE3EFE475E5E729B4AC343C /* GamesPresenter.swift */ = {isa = PBXFileReference; lastKnownFileType = sourcecode.swift; path = GamesPresenter.swift; sourceTree = "<group>"; };
		9C728D396B84D8469E0F45EF7717D9EC /* PlayerDetailView.swift */ = {isa = PBXFileReference; lastKnownFileType = sourcecode.swift; path = PlayerDetailView.swift; sourceTree = "<group>"; };
		A275A174D3A45E56EB50609ED964907E /* GameDetailPresenter.swift */ = {isa = PBXFileReference; lastKnownFileType = sourcecode.swift; path = GameDetailPresenter.swift; sourceTree = "<group>"; };
		A37A91938BF1CA8435DA64D0DD010284 /* MatchDetailInterpreter.swift */ = {isa = PBXFileReference; lastKnownFileType = sourcecode.swift; path = MatchDetailInterpreter.swift; sourceTree = "<group>"; };
		A95896FC88B5CA82B23F0859F626C4EE /* Base */ = {isa = PBXFileReference; lastKnownFileType = file.storyboard; name = Base; path = Base.lproj/LaunchScreen.storyboard; sourceTree = "<group>"; };
		ABB1C208FB90BEB2AF2B8967D37641A5 /* MatchModificationInterpreter.swift */ = {isa = PBXFileReference; lastKnownFileType = sourcecode.swift; path = MatchModificationInterpreter.swift; sourceTree = "<group>"; };
		AD9EBB2467903F34EE0A26577B11A2F3 /* PlayerTests.swift */ = {isa = PBXFileReference; lastKnownFileType = sourcecode.swift; path = PlayerTests.swift; sourceTree = "<group>"; };
		AFFBB77A4F6F48676B4F09A9FFDFB6C6 /* MatchModificationPresenter.swift */ = {isa = PBXFileReference; lastKnownFileType = sourcecode.swift; path = MatchModificationPresenter.swift; sourceTree = "<group>"; };
		B0DB9DCD5712A55916A60AAE41CB0071 /* Match.swift */ = {isa = PBXFileReference; lastKnownFileType = sourcecode.swift; path = Match.swift; sourceTree = "<group>"; };
		B304877B6D5EE85DF942FE8124E4EB41 /* GameDetailView.swift */ = {isa = PBXFileReference; lastKnownFileType = sourcecode.swift; path = GameDetailView.swift; sourceTree = "<group>"; };
		B5864E860E11B97785B118BDB1187DA7 /* Info.plist */ = {isa = PBXFileReference; lastKnownFileType = text.plist.xml; path = Info.plist; sourceTree = "<group>"; };
		BB76A5C48722F5F7B06FF655EB1965AD /* GameModificationPresenter.swift */ = {isa = PBXFileReference; lastKnownFileType = sourcecode.swift; path = GameModificationPresenter.swift; sourceTree = "<group>"; };
		CD50FD42542812B604F51D8681B88438 /* VIPViewController.swift */ = {isa = PBXFileReference; lastKnownFileType = sourcecode.swift; path = VIPViewController.swift; sourceTree = "<group>"; };
		DAE1552BBFB334BE35887A4D7C22D556 /* PlayerDetailPresenter.swift */ = {isa = PBXFileReference; lastKnownFileType = sourcecode.swift; path = PlayerDetailPresenter.swift; sourceTree = "<group>"; };
		F43CAA17E0232D04492E941602D20052 /* TestTypeExtensions.swift */ = {isa = PBXFileReference; lastKnownFileType = sourcecode.swift; path = TestTypeExtensions.swift; sourceTree = "<group>"; };
		F650B1B1F6E39876B8BE70D8867392FE /* MatchTests.swift */ = {isa = PBXFileReference; lastKnownFileType = sourcecode.swift; path = MatchTests.swift; sourceTree = "<group>"; };
		F7F033747AC483C496F37894CCE09636 /* Player.swift */ = {isa = PBXFileReference; lastKnownFileType = sourcecode.swift; path = Player.swift; sourceTree = "<group>"; };
		FB2EE79F29A6FA7125E05DEC3F7360F4 /* Info.plist */ = {isa = PBXFileReference; lastKnownFileType = text.plist.xml; path = Info.plist; sourceTree = "<group>"; };
		FCEE882FA46650F1F678B3245474E582 /* GameGroup.swift */ = {isa = PBXFileReference; lastKnownFileType = sourcecode.swift; path = GameGroup.swift; sourceTree = "<group>"; };
		FF0DA7E5771813AC70C1C4D9E796E565 /* Margin.swift */ = {isa = PBXFileReference; lastKnownFileType = sourcecode.swift; path = Margin.swift; sourceTree = "<group>"; };
/* End PBXFileReference section */

/* Begin PBXFrameworksBuildPhase section */
		69DC84AF2B5D7F0D6C602B977C141A65 /* Frameworks */ = {
			isa = PBXFrameworksBuildPhase;
			buildActionMask = 2147483647;
			files = (
			);
			runOnlyForDeploymentPostprocessing = 0;
		};
		6F977FC9AAA3E8EDA5F1D52D5068BF3B /* Frameworks */ = {
			isa = PBXFrameworksBuildPhase;
			buildActionMask = 2147483647;
			files = (
				D60E4D537A9985DB62F0CEB1D24D91D0 /* SnapKit.framework in Frameworks */,
				8903D330A3D8E30312DE74E8DCC9B347 /* SwiftyBeaver.framework in Frameworks */,
			);
			runOnlyForDeploymentPostprocessing = 0;
		};
/* End PBXFrameworksBuildPhase section */

/* Begin PBXGroup section */
		1E43F8FBDB5A010DB87368F493968584 /* Frameworks */ = {
			isa = PBXGroup;
			children = (
				12D2EE4975CD60DC8BAE50D699CA8386 /* PullToReach.framework */,
				894DC39CF8E8E24AEBC67D2F9E53F96B /* SnapKit.framework */,
				8133DC6C1FC05E0F010FD497AE527745 /* SwiftyBeaver.framework */,
			);
			name = Frameworks;
			sourceTree = "<group>";
		};
		1EEE5387021B9C74D6AE2A11AC8921DD /* PlayerDetail */ = {
			isa = PBXGroup;
			children = (
				01D6AB75207463CC6EBB11BB793D0A70 /* PlayerDetailInterpreter.swift */,
				DAE1552BBFB334BE35887A4D7C22D556 /* PlayerDetailPresenter.swift */,
				9C728D396B84D8469E0F45EF7717D9EC /* PlayerDetailView.swift */,
			);
			path = PlayerDetail;
			sourceTree = "<group>";
		};
		26342081C6E7EFE58168EFC4E2220F92 /* GameDetail */ = {
			isa = PBXGroup;
			children = (
				8711C41DEAA9CEF77ADBB08E12FE26C0 /* GameDetailInterpreter.swift */,
				A275A174D3A45E56EB50609ED964907E /* GameDetailPresenter.swift */,
				B304877B6D5EE85DF942FE8124E4EB41 /* GameDetailView.swift */,
			);
			path = GameDetail;
			sourceTree = "<group>";
		};
		28432F59FF31C019E005ADD200173256 /* MatchDetail */ = {
			isa = PBXGroup;
			children = (
				A37A91938BF1CA8435DA64D0DD010284 /* MatchDetailInterpreter.swift */,
				2BAD9783B63A8FF9367F562AA5CD6A59 /* MatchDetailPresenter.swift */,
				25088F9B9423D95956486C65DF20FAB9 /* MatchDetailView.swift */,
			);
			path = MatchDetail;
			sourceTree = "<group>";
		};
		3B0C5B9189529F2D2FC6DCB24A91B982 /* Products */ = {
			isa = PBXGroup;
			children = (
				59C6AE3A73461926E756FB2BDDCD6C8D /* Spielebuch.app */,
				6258B5EE2D5BDC0EC0630FF4829D6F3E /* SpielebuchTests.xctest */,
			);
			name = Products;
			sourceTree = "<group>";
		};
		47B014A15152C6C4D466F7DBFF8A441D /* VIP Cycle */ = {
			isa = PBXGroup;
			children = (
				CD50FD42542812B604F51D8681B88438 /* VIPViewController.swift */,
				90BFD5819F17D38DA8FB6D7D992EDD66 /* VIPViewSetupData.swift */,
			);
			path = "VIP Cycle";
			sourceTree = "<group>";
		};
		5728C8882A1059838D7DE1649616D284 /* Data Layer */ = {
			isa = PBXGroup;
			children = (
				1D17E512A0E9AE46C89B3C46F218CA43 /* Mock.swift */,
			);
			path = "Data Layer";
			sourceTree = "<group>";
		};
		5A0C830B0FF06932322D2E8521919ED0 /* Players */ = {
			isa = PBXGroup;
			children = (
				7E41211F655945A84128D73F3617DCC4 /* PlayersInterpreter.swift */,
				166A5A0DFC6D46A2242C643D2152FF4B /* PlayersPresenter.swift */,
				7198DD6599D8E48D6E389A0E7F68BF40 /* PlayersView.swift */,
			);
			path = Players;
			sourceTree = "<group>";
		};
		6CAD07934B3CDACF87375D8957D87D16 /* GameModification */ = {
			isa = PBXGroup;
			children = (
				0E1C310690B3E7CDAF964E33A36FB238 /* GameModificationInterpreter.swift */,
				BB76A5C48722F5F7B06FF655EB1965AD /* GameModificationPresenter.swift */,
				4E4BD9BFF1FF8FBE1AA4567E85945278 /* GameModificationView.swift */,
			);
			path = GameModification;
			sourceTree = "<group>";
		};
		88E05A2224F30FF9A1F43C58423A5B48 /* ModelsTests */ = {
			isa = PBXGroup;
			children = (
				04E447E7F69D61B0C0C6A5B94AA8CF81 /* GameGroupTests.swift */,
				8D441795AC8CC24F16114BBDBD0D687B /* GameTests.swift */,
				F650B1B1F6E39876B8BE70D8867392FE /* MatchTests.swift */,
				6080FD57DEFC9FEACB3C8FC92223ECAF /* Models+Defaults.swift */,
				AD9EBB2467903F34EE0A26577B11A2F3 /* PlayerTests.swift */,
				217EFDD854197E70C8C24D3D8BCFC4B7 /* ScoreTests.swift */,
			);
			path = ModelsTests;
			sourceTree = "<group>";
		};
		8F7C1215BF6A1E0783FBAC6D944B152A /* Views */ = {
			isa = PBXGroup;
			children = (
				26342081C6E7EFE58168EFC4E2220F92 /* GameDetail */,
				6CAD07934B3CDACF87375D8957D87D16 /* GameModification */,
				FD8E629326AC196A68953911704B111C /* Games */,
				28432F59FF31C019E005ADD200173256 /* MatchDetail */,
				4ED37FDDE8800D4A5079B867B9580568 /* MatchModification */,
				CC322D5C1F29F8A8CC32C4DE6C1BCDAF /* Matches */,
				1EEE5387021B9C74D6AE2A11AC8921DD /* PlayerDetail */,
				9934C5199C985400A75E5A8EDCD4C095 /* PlayerModification */,
				5A0C830B0FF06932322D2E8521919ED0 /* Players */,
			);
			path = Views;
			sourceTree = "<group>";
		};
		97EBF3B2DD23B288D64B7AB4BFEFBB9E /* SpielebuchTests */ = {
			isa = PBXGroup;
			children = (
				88E05A2224F30FF9A1F43C58423A5B48 /* ModelsTests */,
				B5864E860E11B97785B118BDB1187DA7 /* Info.plist */,
				F43CAA17E0232D04492E941602D20052 /* TestTypeExtensions.swift */,
			);
			path = SpielebuchTests;
			sourceTree = "<group>";
		};
		9934C5199C985400A75E5A8EDCD4C095 /* PlayerModification */ = {
			isa = PBXGroup;
			children = (
				7DB1CA6FC70E0FC035617B2C666E3E65 /* PlayerModificationInterpreter.swift */,
				8F206A0F140E171E5A167E54DF3A7B59 /* PlayerModificationPresenter.swift */,
				24D57D952FEC8DC939B8A0C73156F18F /* PlayerModificationView.swift */,
			);
			path = PlayerModification;
			sourceTree = "<group>";
		};
		B510C4E0E2B77628CCFE606E9490DB00 /* Spielebuch */ = {
			isa = PBXGroup;
			children = (
				5728C8882A1059838D7DE1649616D284 /* Data Layer */,
				C1160F435F655F54634A6ABDBADA34FE /* Helpers */,
				EE661F2E1BE2DCDAEDC2207F382B0174 /* Models */,
				8F7C1215BF6A1E0783FBAC6D944B152A /* Views */,
				123A58E94F8AE93E01E4DECC8B8B2D05 /* AppDelegate.swift */,
				6D71B3315BA185E1E807BC2929C25A83 /* Assets.xcassets */,
				FB2EE79F29A6FA7125E05DEC3F7360F4 /* Info.plist */,
				AB0838AED6EA30674528D184F71B421A /* LaunchScreen.storyboard */,
				5D7CF9B8ACADF573883959B6AB30F055 /* Spielebuch.xcdatamodeld */,
			);
			path = Spielebuch;
			sourceTree = "<group>";
		};
		C1160F435F655F54634A6ABDBADA34FE /* Helpers */ = {
			isa = PBXGroup;
			children = (
				47B014A15152C6C4D466F7DBFF8A441D /* VIP Cycle */,
				FF0DA7E5771813AC70C1C4D9E796E565 /* Margin.swift */,
				9690CFC8E088E38A939C74F7AC959873 /* Type Extensions.swift */,
			);
			path = Helpers;
			sourceTree = "<group>";
		};
		CC322D5C1F29F8A8CC32C4DE6C1BCDAF /* Matches */ = {
			isa = PBXGroup;
			children = (
				22538D704F2DB830E7B3D76D2EBCD5DF /* MatchesInterpreter.swift */,
				517E234DF25DC035F29FF9427B2B752A /* MatchesPresenter.swift */,
				47EBEAF1C2734129BC5C29272A1E95AC /* MatchesView.swift */,
			);
			path = Matches;
			sourceTree = "<group>";
		};
		4ED37FDDE8800D4A5079B867B9580568 /* MatchModification */ = {
			isa = PBXGroup;
			children = (
				ABB1C208FB90BEB2AF2B8967D37641A5 /* MatchModificationInterpreter.swift */,
				AFFBB77A4F6F48676B4F09A9FFDFB6C6 /* MatchModificationPresenter.swift */,
				364B924C2838A48762D3F9164342CE6D /* MatchModificationView.swift */,
			);
			path = MatchModification;
			sourceTree = "<group>";
		};
		E15AE00286416F7B9BF6FE56383F9C76 = {
			isa = PBXGroup;
			children = (
				1E43F8FBDB5A010DB87368F493968584 /* Frameworks */,
				3B0C5B9189529F2D2FC6DCB24A91B982 /* Products */,
				B510C4E0E2B77628CCFE606E9490DB00 /* Spielebuch */,
				97EBF3B2DD23B288D64B7AB4BFEFBB9E /* SpielebuchTests */,
			);
			sourceTree = "<group>";
		};
		EE661F2E1BE2DCDAEDC2207F382B0174 /* Models */ = {
			isa = PBXGroup;
			children = (
				4D225D33F61D074727EF83E5235CC115 /* Game.swift */,
				FCEE882FA46650F1F678B3245474E582 /* GameGroup.swift */,
				B0DB9DCD5712A55916A60AAE41CB0071 /* Match.swift */,
				F7F033747AC483C496F37894CCE09636 /* Player.swift */,
				74D987E8D18E77AD7D811E8518647AA9 /* Score.swift */,
			);
			path = Models;
			sourceTree = "<group>";
		};
		FD8E629326AC196A68953911704B111C /* Games */ = {
			isa = PBXGroup;
			children = (
				82C903889EBAB1666D396B43D94F4C52 /* GamesInterpreter.swift */,
				9842C7E4ADE3EFE475E5E729B4AC343C /* GamesPresenter.swift */,
				017F9603789A1B5E32222E37BE9BAA77 /* GamesView.swift */,
			);
			path = Games;
			sourceTree = "<group>";
		};
/* End PBXGroup section */

/* Begin PBXNativeTarget section */
		28E88ABB205CDBC162123D3F54AD1680 /* SpielebuchTests */ = {
			isa = PBXNativeTarget;
			buildConfigurationList = DEA64E1003B2C639163512403D0ACD02 /* Build configuration list for PBXNativeTarget "SpielebuchTests" */;
			buildPhases = (
				D152DE3B36180E53840AEA4A907D02D3 /* Sources */,
				69DC84AF2B5D7F0D6C602B977C141A65 /* Frameworks */,
				39352B51F16E98276BD66E606E7F6928 /* Resources */,
			);
			buildRules = (
			);
			dependencies = (
				374D38E47927EF76A66CB37FB7EA5E7C /* PBXTargetDependency */,
			);
			name = SpielebuchTests;
			productName = SpielebuchTests;
			productReference = 6258B5EE2D5BDC0EC0630FF4829D6F3E /* SpielebuchTests.xctest */;
			productType = "com.apple.product-type.bundle.unit-test";
		};
		C3D4468F83ECD290BAFF08C1BF80A474 /* Spielebuch */ = {
			isa = PBXNativeTarget;
			buildConfigurationList = 60AC28F5DCC6570AF6DA4954E409FD20 /* Build configuration list for PBXNativeTarget "Spielebuch" */;
			buildPhases = (
				C5A45208537FAE74925D74BCE79AB709 /* Sources */,
				6F977FC9AAA3E8EDA5F1D52D5068BF3B /* Frameworks */,
				3E9D267EDF08F2E9F9E068CA5AD30D08 /* Resources */,
				8F824D4F592EAD35AF2AA2FF4F1A32E4 /* Carthage */,
			);
			buildRules = (
			);
			dependencies = (
			);
			name = Spielebuch;
			productName = Spielebuch;
			productReference = 59C6AE3A73461926E756FB2BDDCD6C8D /* Spielebuch.app */;
			productType = "com.apple.product-type.application";
		};
/* End PBXNativeTarget section */

/* Begin PBXProject section */
		536CFBA0EEAF40EBA4892DD68F31F7B6 /* Project object */ = {
			isa = PBXProject;
			attributes = {
				LastSwiftUpdateCheck = 1010;
				LastUpgradeCheck = 1010;
				ORGANIZATIONNAME = "Benno Kress";
				TargetAttributes = {
					28E88ABB205CDBC162123D3F54AD1680 = {
						CreatedOnToolsVersion = 10.1;
						LastSwiftMigration = 1020;
						TestTargetID = C3D4468F83ECD290BAFF08C1BF80A474;
					};
					C3D4468F83ECD290BAFF08C1BF80A474 = {
						CreatedOnToolsVersion = 10.1;
						LastSwiftMigration = 1020;
					};
				};
			};
			buildConfigurationList = 112F830A827A3DCE9B34663D497720D4 /* Build configuration list for PBXProject "Spielebuch" */;
			compatibilityVersion = "Xcode 9.3";
			developmentRegion = en;
			hasScannedForEncodings = 0;
			knownRegions = (
				en,
				Base,
			);
			mainGroup = E15AE00286416F7B9BF6FE56383F9C76;
			productRefGroup = 3B0C5B9189529F2D2FC6DCB24A91B982 /* Products */;
			projectDirPath = "";
			projectRoot = "";
			targets = (
				C3D4468F83ECD290BAFF08C1BF80A474 /* Spielebuch */,
				28E88ABB205CDBC162123D3F54AD1680 /* SpielebuchTests */,
			);
		};
/* End PBXProject section */

/* Begin PBXResourcesBuildPhase section */
		39352B51F16E98276BD66E606E7F6928 /* Resources */ = {
			isa = PBXResourcesBuildPhase;
			buildActionMask = 2147483647;
			files = (
			);
			runOnlyForDeploymentPostprocessing = 0;
		};
		3E9D267EDF08F2E9F9E068CA5AD30D08 /* Resources */ = {
			isa = PBXResourcesBuildPhase;
			buildActionMask = 2147483647;
			files = (
				190624C18C971F4E122EE06F96A4E089 /* Assets.xcassets in Resources */,
				EF791F29C1141CAD55D1A3288A3ACC52 /* LaunchScreen.storyboard in Resources */,
			);
			runOnlyForDeploymentPostprocessing = 0;
		};
/* End PBXResourcesBuildPhase section */

/* Begin PBXShellScriptBuildPhase section */
		8F824D4F592EAD35AF2AA2FF4F1A32E4 /* Carthage */ = {
			isa = PBXShellScriptBuildPhase;
			buildActionMask = 2147483647;
			files = (
			);
			inputFileListPaths = (
			);
			inputPaths = (
				"$(SRCROOT)/Carthage/Build/iOS/SnapKit.framework",
				"$(SRCROOT)/Carthage/Build/iOS/SwiftyBeaver.framework",
			);
			name = Carthage;
			outputFileListPaths = (
			);
			outputPaths = (
			);
			runOnlyForDeploymentPostprocessing = 0;
			shellPath = /bin/sh;
			shellScript = "/usr/local/bin/carthage copy-frameworks\n";
		};
/* End PBXShellScriptBuildPhase section */

/* Begin PBXSourcesBuildPhase section */
		C5A45208537FAE74925D74BCE79AB709 /* Sources */ = {
			isa = PBXSourcesBuildPhase;
			buildActionMask = 2147483647;
			files = (
				1621FEE10894216589A4CDF6E0EEDFAB /* AppDelegate.swift in Sources */,
				236F3E8D95DC0C98BDBDCEE25C51A967 /* Game.swift in Sources */,
				5D293BEEC1D6103BF92110D813DC7FA6 /* GameDetailInterpreter.swift in Sources */,
				E27B6620EC6AB537E5F433D87334C65E /* GameDetailPresenter.swift in Sources */,
				93E739069C29E1AD4B09A0B9C08B1ADB /* GameDetailView.swift in Sources */,
				46108B95119B5A2AECAE155902562871 /* GameGroup.swift in Sources */,
				F8C85EFBA3D68C09EF37AFEA01D88B33 /* GameModificationInterpreter.swift in Sources */,
				DB51437FC3B75280B56EAB2BC3779CC0 /* GameModificationPresenter.swift in Sources */,
				B4F7B10E15390AD71AAC75378849F585 /* GameModificationView.swift in Sources */,
				1D4CE917CE43DDC26272FD2EC67A7121 /* GamesInterpreter.swift in Sources */,
				1D6604B0DBF72066D76C4D1D1BD92D4F /* GamesPresenter.swift in Sources */,
				741C8585F62971BEF7C57473737ADD3D /* GamesView.swift in Sources */,
				ED160467E1886A17831121076C74127C /* Margin.swift in Sources */,
				ACFC7E969A7A3A145261AAC6EB720DE7 /* Match.swift in Sources */,
				FA9DFCA1644772D52375261C8D92A8BD /* MatchDetailInterpreter.swift in Sources */,
				21B011D595BC363CEB26167BA1C4EF5E /* MatchDetailPresenter.swift in Sources */,
				E90FD5B12B32C300B37DBC259C0CDACE /* MatchDetailView.swift in Sources */,
				4EA29E82B7055C5395FB27E018675D27 /* MatchModificationInterpreter.swift in Sources */,
				E6F7C6D43BB36CBBB8DE94AC4AC16246 /* MatchModificationPresenter.swift in Sources */,
				66038A2947774D6E71C0062AD214FDFD /* MatchModificationView.swift in Sources */,
				676BD66013F5FDF78C3FB40DD0F6631D /* MatchesInterpreter.swift in Sources */,
				16CB7C78A11F0719BAA27F2AE66A5ED7 /* MatchesPresenter.swift in Sources */,
				AE2512C4A5BE49184F4F67E4EFFEF781 /* MatchesView.swift in Sources */,
				8A7C846036661C8451AA32C695C442A4 /* Mock.swift in Sources */,
				02DCACE5F86E06637A266E168CE4D7ED /* Player.swift in Sources */,
				30E0A2C5AA8FDFD13B7F65D2905DA56F /* PlayerDetailInterpreter.swift in Sources */,
				EA2872AB52F7DEDECD8C5D724D81B7F6 /* PlayerDetailPresenter.swift in Sources */,
				F4E9590919EE1F9775AB9C3C861F4656 /* PlayerDetailView.swift in Sources */,
				5BF6B8770A2E0BF3ABF9AC90EF8F90B7 /* PlayerModificationInterpreter.swift in Sources */,
				6A39FFE7B4D289FC91B26CB5CCEEED93 /* PlayerModificationPresenter.swift in Sources */,
				6B504B7523BB142A305585D1FBB28673 /* PlayerModificationView.swift in Sources */,
				17642079BB377D9B8E98CFAC06FCB8CB /* PlayersInterpreter.swift in Sources */,
				EC6CF9158CF8F7EE20F309B5CF7928AB /* PlayersPresenter.swift in Sources */,
				4F30BACC14E977414FC19E760CCD2BB0 /* PlayersView.swift in Sources */,
				A176D406BE9B9E60FCA78015293D3189 /* Score.swift in Sources */,
				66DC8A2A485B9F48470BF79D0F125106 /* Spielebuch.xcdatamodeld in Sources */,
				4B2CB78FF5D494EC7B167EC28CAB12DC /* Type Extensions.swift in Sources */,
				465B88D7FBB6BFFEE322DD37BFEF1A18 /* VIPViewController.swift in Sources */,
				BACC0C4A14D8B15F359FA5B15B744936 /* VIPViewSetupData.swift in Sources */,
			);
			runOnlyForDeploymentPostprocessing = 0;
		};
		D152DE3B36180E53840AEA4A907D02D3 /* Sources */ = {
			isa = PBXSourcesBuildPhase;
			buildActionMask = 2147483647;
			files = (
				65F017F1CF2BCB72BA4222D75E26AC5A /* GameGroupTests.swift in Sources */,
				FACE9C643A18EBB75745BFDE488CE0D3 /* GameTests.swift in Sources */,
				EAF84487C9F5AD12F279BC0F23C2C573 /* MatchTests.swift in Sources */,
				8CC349FC1C802B83E799A330D4F6311C /* Models+Defaults.swift in Sources */,
				0E10FAC9B556BF06AF4DEE1B135F1EA3 /* PlayerTests.swift in Sources */,
				3618AF41C15F37A33E65F9F9D47BBB9B /* ScoreTests.swift in Sources */,
				1253038DFD3AC878D9A31A7EFE1DA7CE /* TestTypeExtensions.swift in Sources */,
			);
			runOnlyForDeploymentPostprocessing = 0;
		};
/* End PBXSourcesBuildPhase section */

/* Begin PBXTargetDependency section */
		374D38E47927EF76A66CB37FB7EA5E7C /* PBXTargetDependency */ = {
			isa = PBXTargetDependency;
			target = C3D4468F83ECD290BAFF08C1BF80A474 /* Spielebuch */;
			targetProxy = 509261C139B446896FBE5EFA3D8825F8 /* PBXContainerItemProxy */;
		};
/* End PBXTargetDependency section */

/* Begin PBXVariantGroup section */
		AB0838AED6EA30674528D184F71B421A /* LaunchScreen.storyboard */ = {
			isa = PBXVariantGroup;
			children = (
				A95896FC88B5CA82B23F0859F626C4EE /* Base */,
			);
			name = LaunchScreen.storyboard;
			sourceTree = "<group>";
		};
/* End PBXVariantGroup section */

/* Begin XCBuildConfiguration section */
		1F1954D9596F64ADE1EE830716998A09 /* Debug */ = {
			isa = XCBuildConfiguration;
			buildSettings = {
				ALWAYS_SEARCH_USER_PATHS = NO;
				CLANG_ANALYZER_NONNULL = YES;
				CLANG_ANALYZER_NUMBER_OBJECT_CONVERSION = YES_AGGRESSIVE;
				CLANG_CXX_LANGUAGE_STANDARD = "gnu++14";
				CLANG_CXX_LIBRARY = "libc++";
				CLANG_ENABLE_MODULES = YES;
				CLANG_ENABLE_OBJC_ARC = YES;
				CLANG_ENABLE_OBJC_WEAK = YES;
				CLANG_WARN_BLOCK_CAPTURE_AUTORELEASING = YES;
				CLANG_WARN_BOOL_CONVERSION = YES;
				CLANG_WARN_COMMA = YES;
				CLANG_WARN_CONSTANT_CONVERSION = YES;
				CLANG_WARN_DEPRECATED_OBJC_IMPLEMENTATIONS = YES;
				CLANG_WARN_DIRECT_OBJC_ISA_USAGE = YES_ERROR;
				CLANG_WARN_DOCUMENTATION_COMMENTS = YES;
				CLANG_WARN_EMPTY_BODY = YES;
				CLANG_WARN_ENUM_CONVERSION = YES;
				CLANG_WARN_INFINITE_RECURSION = YES;
				CLANG_WARN_INT_CONVERSION = YES;
				CLANG_WARN_NON_LITERAL_NULL_CONVERSION = YES;
				CLANG_WARN_OBJC_IMPLICIT_RETAIN_SELF = YES;
				CLANG_WARN_OBJC_LITERAL_CONVERSION = YES;
				CLANG_WARN_OBJC_ROOT_CLASS = YES_ERROR;
				CLANG_WARN_RANGE_LOOP_ANALYSIS = YES;
				CLANG_WARN_STRICT_PROTOTYPES = YES;
				CLANG_WARN_SUSPICIOUS_MOVE = YES;
				CLANG_WARN_UNGUARDED_AVAILABILITY = YES_AGGRESSIVE;
				CLANG_WARN_UNREACHABLE_CODE = YES;
				CLANG_WARN__DUPLICATE_METHOD_MATCH = YES;
				CODE_SIGN_IDENTITY = "iPhone Developer";
				COPY_PHASE_STRIP = NO;
				DEBUG_INFORMATION_FORMAT = dwarf;
				ENABLE_STRICT_OBJC_MSGSEND = YES;
				ENABLE_TESTABILITY = YES;
				GCC_C_LANGUAGE_STANDARD = gnu11;
				GCC_DYNAMIC_NO_PIC = NO;
				GCC_NO_COMMON_BLOCKS = YES;
				GCC_OPTIMIZATION_LEVEL = 0;
				GCC_PREPROCESSOR_DEFINITIONS = (
					"DEBUG=1",
					"$(inherited)",
				);
				GCC_WARN_64_TO_32_BIT_CONVERSION = YES;
				GCC_WARN_ABOUT_RETURN_TYPE = YES_ERROR;
				GCC_WARN_UNDECLARED_SELECTOR = YES;
				GCC_WARN_UNINITIALIZED_AUTOS = YES_AGGRESSIVE;
				GCC_WARN_UNUSED_FUNCTION = YES;
				GCC_WARN_UNUSED_VARIABLE = YES;
				IPHONEOS_DEPLOYMENT_TARGET = 12.1;
				MTL_ENABLE_DEBUG_INFO = INCLUDE_SOURCE;
				MTL_FAST_MATH = YES;
				ONLY_ACTIVE_ARCH = YES;
				SDKROOT = iphoneos;
				SWIFT_ACTIVE_COMPILATION_CONDITIONS = DEBUG;
				SWIFT_OPTIMIZATION_LEVEL = "-Onone";
			};
			name = Debug;
		};
		32911FFDCE7CA6C7B84AF00A976CFB80 /* Release */ = {
			isa = XCBuildConfiguration;
			buildSettings = {
				ASSETCATALOG_COMPILER_APPICON_NAME = AppIcon;
				CODE_SIGN_STYLE = Automatic;
				DEVELOPMENT_TEAM = EM47M4JQ9E;
				FRAMEWORK_SEARCH_PATHS = (
					"$(inherited)",
					"$(PROJECT_DIR)/Carthage/Build/iOS",
				);
				INFOPLIST_FILE = Spielebuch/Info.plist;
				LD_RUNPATH_SEARCH_PATHS = (
					"$(inherited)",
					"@executable_path/Frameworks",
				);
				PRODUCT_BUNDLE_IDENTIFIER = com.bennokress.Spielebuch;
				PRODUCT_NAME = "$(TARGET_NAME)";
				SWIFT_VERSION = 5.0;
				TARGETED_DEVICE_FAMILY = "1,2";
			};
			name = Release;
		};
		556A3912AA43F3F6C00AD3F4F8D337DB /* Debug */ = {
			isa = XCBuildConfiguration;
			buildSettings = {
				ASSETCATALOG_COMPILER_APPICON_NAME = AppIcon;
				CODE_SIGN_STYLE = Automatic;
				DEVELOPMENT_TEAM = EM47M4JQ9E;
				FRAMEWORK_SEARCH_PATHS = (
					"$(inherited)",
					"$(PROJECT_DIR)/Carthage/Build/iOS",
				);
				INFOPLIST_FILE = Spielebuch/Info.plist;
				LD_RUNPATH_SEARCH_PATHS = (
					"$(inherited)",
					"@executable_path/Frameworks",
				);
				PRODUCT_BUNDLE_IDENTIFIER = com.bennokress.Spielebuch;
				PRODUCT_NAME = "$(TARGET_NAME)";
				SWIFT_VERSION = 5.0;
				TARGETED_DEVICE_FAMILY = "1,2";
			};
			name = Debug;
		};
		7A48B8C0E9CE829F256EBD11FFDBA61C /* Release */ = {
			isa = XCBuildConfiguration;
			buildSettings = {
				ALWAYS_EMBED_SWIFT_STANDARD_LIBRARIES = YES;
				BUNDLE_LOADER = "$(TEST_HOST)";
				CODE_SIGN_STYLE = Automatic;
				DEVELOPMENT_TEAM = EM47M4JQ9E;
				INFOPLIST_FILE = SpielebuchTests/Info.plist;
				LD_RUNPATH_SEARCH_PATHS = (
					"$(inherited)",
					"@executable_path/Frameworks",
					"@loader_path/Frameworks",
				);
				PRODUCT_BUNDLE_IDENTIFIER = com.bennokress.SpielebuchTests;
				PRODUCT_NAME = "$(TARGET_NAME)";
				SWIFT_VERSION = 5.0;
				TARGETED_DEVICE_FAMILY = "1,2";
				TEST_HOST = "$(BUILT_PRODUCTS_DIR)/Spielebuch.app/Spielebuch";
			};
			name = Release;
		};
		94034D16BD08B39E304B6A394244AD79 /* Debug */ = {
			isa = XCBuildConfiguration;
			buildSettings = {
				ALWAYS_EMBED_SWIFT_STANDARD_LIBRARIES = YES;
				BUNDLE_LOADER = "$(TEST_HOST)";
				CODE_SIGN_STYLE = Automatic;
				DEVELOPMENT_TEAM = EM47M4JQ9E;
				INFOPLIST_FILE = SpielebuchTests/Info.plist;
				LD_RUNPATH_SEARCH_PATHS = (
					"$(inherited)",
					"@executable_path/Frameworks",
					"@loader_path/Frameworks",
				);
				PRODUCT_BUNDLE_IDENTIFIER = com.bennokress.SpielebuchTests;
				PRODUCT_NAME = "$(TARGET_NAME)";
				SWIFT_VERSION = 5.0;
				TARGETED_DEVICE_FAMILY = "1,2";
				TEST_HOST = "$(BUILT_PRODUCTS_DIR)/Spielebuch.app/Spielebuch";
			};
			name = Debug;
		};
		A752D99B02BF3D5A73B67980D19AD595 /* Release */ = {
			isa = XCBuildConfiguration;
			buildSettings = {
				ALWAYS_SEARCH_USER_PATHS = NO;
				CLANG_ANALYZER_NONNULL = YES;
				CLANG_ANALYZER_NUMBER_OBJECT_CONVERSION = YES_AGGRESSIVE;
				CLANG_CXX_LANGUAGE_STANDARD = "gnu++14";
				CLANG_CXX_LIBRARY = "libc++";
				CLANG_ENABLE_MODULES = YES;
				CLANG_ENABLE_OBJC_ARC = YES;
				CLANG_ENABLE_OBJC_WEAK = YES;
				CLANG_WARN_BLOCK_CAPTURE_AUTORELEASING = YES;
				CLANG_WARN_BOOL_CONVERSION = YES;
				CLANG_WARN_COMMA = YES;
				CLANG_WARN_CONSTANT_CONVERSION = YES;
				CLANG_WARN_DEPRECATED_OBJC_IMPLEMENTATIONS = YES;
				CLANG_WARN_DIRECT_OBJC_ISA_USAGE = YES_ERROR;
				CLANG_WARN_DOCUMENTATION_COMMENTS = YES;
				CLANG_WARN_EMPTY_BODY = YES;
				CLANG_WARN_ENUM_CONVERSION = YES;
				CLANG_WARN_INFINITE_RECURSION = YES;
				CLANG_WARN_INT_CONVERSION = YES;
				CLANG_WARN_NON_LITERAL_NULL_CONVERSION = YES;
				CLANG_WARN_OBJC_IMPLICIT_RETAIN_SELF = YES;
				CLANG_WARN_OBJC_LITERAL_CONVERSION = YES;
				CLANG_WARN_OBJC_ROOT_CLASS = YES_ERROR;
				CLANG_WARN_RANGE_LOOP_ANALYSIS = YES;
				CLANG_WARN_STRICT_PROTOTYPES = YES;
				CLANG_WARN_SUSPICIOUS_MOVE = YES;
				CLANG_WARN_UNGUARDED_AVAILABILITY = YES_AGGRESSIVE;
				CLANG_WARN_UNREACHABLE_CODE = YES;
				CLANG_WARN__DUPLICATE_METHOD_MATCH = YES;
				CODE_SIGN_IDENTITY = "iPhone Developer";
				COPY_PHASE_STRIP = NO;
				DEBUG_INFORMATION_FORMAT = "dwarf-with-dsym";
				ENABLE_NS_ASSERTIONS = NO;
				ENABLE_STRICT_OBJC_MSGSEND = YES;
				GCC_C_LANGUAGE_STANDARD = gnu11;
				GCC_NO_COMMON_BLOCKS = YES;
				GCC_WARN_64_TO_32_BIT_CONVERSION = YES;
				GCC_WARN_ABOUT_RETURN_TYPE = YES_ERROR;
				GCC_WARN_UNDECLARED_SELECTOR = YES;
				GCC_WARN_UNINITIALIZED_AUTOS = YES_AGGRESSIVE;
				GCC_WARN_UNUSED_FUNCTION = YES;
				GCC_WARN_UNUSED_VARIABLE = YES;
				IPHONEOS_DEPLOYMENT_TARGET = 12.1;
				MTL_ENABLE_DEBUG_INFO = NO;
				MTL_FAST_MATH = YES;
				SDKROOT = iphoneos;
				SWIFT_COMPILATION_MODE = wholemodule;
				SWIFT_OPTIMIZATION_LEVEL = "-O";
				VALIDATE_PRODUCT = YES;
			};
			name = Release;
		};
/* End XCBuildConfiguration section */

/* Begin XCConfigurationList section */
		112F830A827A3DCE9B34663D497720D4 /* Build configuration list for PBXProject "Spielebuch" */ = {
			isa = XCConfigurationList;
			buildConfigurations = (
				1F1954D9596F64ADE1EE830716998A09 /* Debug */,
				A752D99B02BF3D5A73B67980D19AD595 /* Release */,
			);
			defaultConfigurationIsVisible = 0;
			defaultConfigurationName = Release;
		};
		60AC28F5DCC6570AF6DA4954E409FD20 /* Build configuration list for PBXNativeTarget "Spielebuch" */ = {
			isa = XCConfigurationList;
			buildConfigurations = (
				556A3912AA43F3F6C00AD3F4F8D337DB /* Debug */,
				32911FFDCE7CA6C7B84AF00A976CFB80 /* Release */,
			);
			defaultConfigurationIsVisible = 0;
			defaultConfigurationName = Release;
		};
		DEA64E1003B2C639163512403D0ACD02 /* Build configuration list for PBXNativeTarget "SpielebuchTests" */ = {
			isa = XCConfigurationList;
			buildConfigurations = (
				94034D16BD08B39E304B6A394244AD79 /* Debug */,
				7A48B8C0E9CE829F256EBD11FFDBA61C /* Release */,
			);
			defaultConfigurationIsVisible = 0;
			defaultConfigurationName = Release;
		};
/* End XCConfigurationList section */

/* Begin XCVersionGroup section */
		5D7CF9B8ACADF573883959B6AB30F055 /* Spielebuch.xcdatamodeld */ = {
			isa = XCVersionGroup;
			children = (
				115F9414EEEC7B2753E12E9DCA3423B0 /* Spielebuch.xcdatamodel */,
			);
			currentVersion = 115F9414EEEC7B2753E12E9DCA3423B0 /* Spielebuch.xcdatamodel */;
			path = Spielebuch.xcdatamodeld;
			sourceTree = "<group>";
			versionGroupType = wrapper.xcdatamodel;
		};
/* End XCVersionGroup section */
	};
	rootObject = 536CFBA0EEAF40EBA4892DD68F31F7B6 /* Project object */;
}
