// !$*UTF8*$!
{
	archiveVersion = 1;
	classes = {
	};
	objectVersion = 50;
	objects = {

/* Begin PBXBuildFile section */
		02DCACE5F86E06637A266E168CE4D7ED /* Player.swift in Sources */ = {isa = PBXBuildFile; fileRef = F7F033747AC483C496F37894CCE09636 /* Player.swift */; };
		0E10FAC9B556BF06AF4DEE1B135F1EA3 /* PlayerTests.swift in Sources */ = {isa = PBXBuildFile; fileRef = AD9EBB2467903F34EE0A26577B11A2F3 /* PlayerTests.swift */; };
		0E27DF57671D58630FF2FF7C2EECC2DB /* ViewController.swift in Sources */ = {isa = PBXBuildFile; fileRef = 47FBEF1B20FA2EF264328AF13178409F /* ViewController.swift */; };
		1042D5514D203B70BD8D5BC285FC0BFC /* HomeInterpreter.swift in Sources */ = {isa = PBXBuildFile; fileRef = B8ACA768FFB712610F61D1D02C33B1A7 /* HomeInterpreter.swift */; };
		1253038DFD3AC878D9A31A7EFE1DA7CE /* TestTypeExtensions.swift in Sources */ = {isa = PBXBuildFile; fileRef = F43CAA17E0232D04492E941602D20052 /* TestTypeExtensions.swift */; };
		1621FEE10894216589A4CDF6E0EEDFAB /* AppDelegate.swift in Sources */ = {isa = PBXBuildFile; fileRef = 123A58E94F8AE93E01E4DECC8B8B2D05 /* AppDelegate.swift */; };
		190624C18C971F4E122EE06F96A4E089 /* Assets.xcassets in Resources */ = {isa = PBXBuildFile; fileRef = 6D71B3315BA185E1E807BC2929C25A83 /* Assets.xcassets */; };
		236F3E8D95DC0C98BDBDCEE25C51A967 /* Game.swift in Sources */ = {isa = PBXBuildFile; fileRef = 4D225D33F61D074727EF83E5235CC115 /* Game.swift */; };
		3618AF41C15F37A33E65F9F9D47BBB9B /* ScoreTests.swift in Sources */ = {isa = PBXBuildFile; fileRef = 217EFDD854197E70C8C24D3D8BCFC4B7 /* ScoreTests.swift */; };
		38252DC54A29CF296DB98D9496897F63 /* VIPViewController.swift in Sources */ = {isa = PBXBuildFile; fileRef = C856FE8CE81B72CC70523ADFFDAE6DAB /* VIPViewController.swift */; };
		46108B95119B5A2AECAE155902562871 /* GameGroup.swift in Sources */ = {isa = PBXBuildFile; fileRef = FCEE882FA46650F1F678B3245474E582 /* GameGroup.swift */; };
		48E5C920B860C224AA153B212D2AD01C /* Main.storyboard in Resources */ = {isa = PBXBuildFile; fileRef = 1C896A6CEB4917BBBA108DD777B034CF /* Main.storyboard */; };
		50CB96F2D8FC115AE07D3C6737D616DC /* VIPViewSetupData.swift in Sources */ = {isa = PBXBuildFile; fileRef = BD3CDDF8D72E04DD9CD221EC3D775B51 /* VIPViewSetupData.swift */; };
		64F30952C0F0A24C7EBD548637191AEF /* HomeView.swift in Sources */ = {isa = PBXBuildFile; fileRef = EB1590884360BECCCE28E39412E62C01 /* HomeView.swift */; };
		65F017F1CF2BCB72BA4222D75E26AC5A /* GameGroupTests.swift in Sources */ = {isa = PBXBuildFile; fileRef = 04E447E7F69D61B0C0C6A5B94AA8CF81 /* GameGroupTests.swift */; };
		66DC8A2A485B9F48470BF79D0F125106 /* Spielebuch.xcdatamodeld in Sources */ = {isa = PBXBuildFile; fileRef = 5D7CF9B8ACADF573883959B6AB30F055 /* Spielebuch.xcdatamodeld */; };
		8CC349FC1C802B83E799A330D4F6311C /* Models+Defaults.swift in Sources */ = {isa = PBXBuildFile; fileRef = 6080FD57DEFC9FEACB3C8FC92223ECAF /* Models+Defaults.swift */; };
		8DB10ABB2F198B002401F69D8B2960D2 /* HomePresenter.swift in Sources */ = {isa = PBXBuildFile; fileRef = 4CEE9E25B2F71F2169DF6298500EB4EA /* HomePresenter.swift */; };
		A176D406BE9B9E60FCA78015293D3189 /* Score.swift in Sources */ = {isa = PBXBuildFile; fileRef = 74D987E8D18E77AD7D811E8518647AA9 /* Score.swift */; };
		ACF8391C7CB5C829F25335EE73AF8B26 /* PullToReach.framework in Frameworks */ = {isa = PBXBuildFile; fileRef = 12D2EE4975CD60DC8BAE50D699CA8386 /* PullToReach.framework */; };
		ACFC7E969A7A3A145261AAC6EB720DE7 /* Match.swift in Sources */ = {isa = PBXBuildFile; fileRef = B0DB9DCD5712A55916A60AAE41CB0071 /* Match.swift */; };
		B869AF56CA63279608AD87A47BC52AE3 /* Type Extensions.swift in Sources */ = {isa = PBXBuildFile; fileRef = 509704EB9F321586D68677594752BC13 /* Type Extensions.swift */; };
		CE8C85867565B13BE32A3F239DA6484C /* VIPSegue.swift in Sources */ = {isa = PBXBuildFile; fileRef = 71EF5F47D2AAC4553E7DC77A0DD36713 /* VIPSegue.swift */; };
		EAF84487C9F5AD12F279BC0F23C2C573 /* MatchTests.swift in Sources */ = {isa = PBXBuildFile; fileRef = F650B1B1F6E39876B8BE70D8867392FE /* MatchTests.swift */; };
		EF791F29C1141CAD55D1A3288A3ACC52 /* LaunchScreen.storyboard in Resources */ = {isa = PBXBuildFile; fileRef = AB0838AED6EA30674528D184F71B421A /* LaunchScreen.storyboard */; };
		FACE9C643A18EBB75745BFDE488CE0D3 /* GameTests.swift in Sources */ = {isa = PBXBuildFile; fileRef = 8D441795AC8CC24F16114BBDBD0D687B /* GameTests.swift */; };
/* End PBXBuildFile section */

/* Begin PBXContainerItemProxy section */
		509261C139B446896FBE5EFA3D8825F8 /* PBXContainerItemProxy */ = {
			isa = PBXContainerItemProxy;
			containerPortal = 536CFBA0EEAF40EBA4892DD68F31F7B6 /* Project object */;
			proxyType = 1;
			remoteGlobalIDString = C3D4468F83ECD290BAFF08C1BF80A474;
			remoteInfo = Spielebuch;
		};
/* End PBXContainerItemProxy section */

/* Begin PBXFileReference section */
		04E447E7F69D61B0C0C6A5B94AA8CF81 /* GameGroupTests.swift */ = {isa = PBXFileReference; lastKnownFileType = sourcecode.swift; path = GameGroupTests.swift; sourceTree = "<group>"; };
		115F9414EEEC7B2753E12E9DCA3423B0 /* Spielebuch.xcdatamodel */ = {isa = PBXFileReference; lastKnownFileType = wrapper.xcdatamodel; path = Spielebuch.xcdatamodel; sourceTree = "<group>"; };
		123A58E94F8AE93E01E4DECC8B8B2D05 /* AppDelegate.swift */ = {isa = PBXFileReference; lastKnownFileType = sourcecode.swift; path = AppDelegate.swift; sourceTree = "<group>"; };
		12D2EE4975CD60DC8BAE50D699CA8386 /* PullToReach.framework */ = {isa = PBXFileReference; lastKnownFileType = wrapper.framework; name = PullToReach.framework; path = Carthage/Build/iOS/PullToReach.framework; sourceTree = "<group>"; };
		217EFDD854197E70C8C24D3D8BCFC4B7 /* ScoreTests.swift */ = {isa = PBXFileReference; lastKnownFileType = sourcecode.swift; path = ScoreTests.swift; sourceTree = "<group>"; };
		47FBEF1B20FA2EF264328AF13178409F /* ViewController.swift */ = {isa = PBXFileReference; lastKnownFileType = sourcecode.swift; path = ViewController.swift; sourceTree = "<group>"; };
		4CEE9E25B2F71F2169DF6298500EB4EA /* HomePresenter.swift */ = {isa = PBXFileReference; lastKnownFileType = sourcecode.swift; path = HomePresenter.swift; sourceTree = "<group>"; };
		4D225D33F61D074727EF83E5235CC115 /* Game.swift */ = {isa = PBXFileReference; lastKnownFileType = sourcecode.swift; path = Game.swift; sourceTree = "<group>"; };
		509704EB9F321586D68677594752BC13 /* Type Extensions.swift */ = {isa = PBXFileReference; lastKnownFileType = sourcecode.swift; path = "Type Extensions.swift"; sourceTree = "<group>"; };
		59C6AE3A73461926E756FB2BDDCD6C8D /* Spielebuch.app */ = {isa = PBXFileReference; explicitFileType = wrapper.application; includeInIndex = 0; path = Spielebuch.app; sourceTree = BUILT_PRODUCTS_DIR; };
		6080FD57DEFC9FEACB3C8FC92223ECAF /* Models+Defaults.swift */ = {isa = PBXFileReference; fileEncoding = 4; lastKnownFileType = sourcecode.swift; path = "Models+Defaults.swift"; sourceTree = "<group>"; };
		6258B5EE2D5BDC0EC0630FF4829D6F3E /* SpielebuchTests.xctest */ = {isa = PBXFileReference; explicitFileType = wrapper.cfbundle; includeInIndex = 0; path = SpielebuchTests.xctest; sourceTree = BUILT_PRODUCTS_DIR; };
		6D71B3315BA185E1E807BC2929C25A83 /* Assets.xcassets */ = {isa = PBXFileReference; lastKnownFileType = folder.assetcatalog; path = Assets.xcassets; sourceTree = "<group>"; };
		71EF5F47D2AAC4553E7DC77A0DD36713 /* VIPSegue.swift */ = {isa = PBXFileReference; lastKnownFileType = sourcecode.swift; path = VIPSegue.swift; sourceTree = "<group>"; };
		74D987E8D18E77AD7D811E8518647AA9 /* Score.swift */ = {isa = PBXFileReference; lastKnownFileType = sourcecode.swift; path = Score.swift; sourceTree = "<group>"; };
		8D441795AC8CC24F16114BBDBD0D687B /* GameTests.swift */ = {isa = PBXFileReference; lastKnownFileType = sourcecode.swift; path = GameTests.swift; sourceTree = "<group>"; };
		9BDE7A7FAE83701E5F68043D7BCE2BA2 /* Base */ = {isa = PBXFileReference; lastKnownFileType = file.storyboard; name = Base; path = Base.lproj/Main.storyboard; sourceTree = "<group>"; };
		A95896FC88B5CA82B23F0859F626C4EE /* Base */ = {isa = PBXFileReference; lastKnownFileType = file.storyboard; name = Base; path = Base.lproj/LaunchScreen.storyboard; sourceTree = "<group>"; };
		AD9EBB2467903F34EE0A26577B11A2F3 /* PlayerTests.swift */ = {isa = PBXFileReference; lastKnownFileType = sourcecode.swift; path = PlayerTests.swift; sourceTree = "<group>"; };
		B0DB9DCD5712A55916A60AAE41CB0071 /* Match.swift */ = {isa = PBXFileReference; lastKnownFileType = sourcecode.swift; path = Match.swift; sourceTree = "<group>"; };
		B5864E860E11B97785B118BDB1187DA7 /* Info.plist */ = {isa = PBXFileReference; lastKnownFileType = text.plist.xml; path = Info.plist; sourceTree = "<group>"; };
		B8ACA768FFB712610F61D1D02C33B1A7 /* HomeInterpreter.swift */ = {isa = PBXFileReference; lastKnownFileType = sourcecode.swift; path = HomeInterpreter.swift; sourceTree = "<group>"; };
		BD3CDDF8D72E04DD9CD221EC3D775B51 /* VIPViewSetupData.swift */ = {isa = PBXFileReference; lastKnownFileType = sourcecode.swift; path = VIPViewSetupData.swift; sourceTree = "<group>"; };
		C856FE8CE81B72CC70523ADFFDAE6DAB /* VIPViewController.swift */ = {isa = PBXFileReference; lastKnownFileType = sourcecode.swift; path = VIPViewController.swift; sourceTree = "<group>"; };
		EB1590884360BECCCE28E39412E62C01 /* HomeView.swift */ = {isa = PBXFileReference; lastKnownFileType = sourcecode.swift; path = HomeView.swift; sourceTree = "<group>"; };
		F43CAA17E0232D04492E941602D20052 /* TestTypeExtensions.swift */ = {isa = PBXFileReference; lastKnownFileType = sourcecode.swift; path = TestTypeExtensions.swift; sourceTree = "<group>"; };
		F650B1B1F6E39876B8BE70D8867392FE /* MatchTests.swift */ = {isa = PBXFileReference; lastKnownFileType = sourcecode.swift; path = MatchTests.swift; sourceTree = "<group>"; };
		F7F033747AC483C496F37894CCE09636 /* Player.swift */ = {isa = PBXFileReference; lastKnownFileType = sourcecode.swift; path = Player.swift; sourceTree = "<group>"; };
		FB2EE79F29A6FA7125E05DEC3F7360F4 /* Info.plist */ = {isa = PBXFileReference; lastKnownFileType = text.plist.xml; path = Info.plist; sourceTree = "<group>"; };
		FCEE882FA46650F1F678B3245474E582 /* GameGroup.swift */ = {isa = PBXFileReference; lastKnownFileType = sourcecode.swift; path = GameGroup.swift; sourceTree = "<group>"; };
/* End PBXFileReference section */

/* Begin PBXFrameworksBuildPhase section */
		69DC84AF2B5D7F0D6C602B977C141A65 /* Frameworks */ = {
			isa = PBXFrameworksBuildPhase;
			buildActionMask = 2147483647;
			files = (
			);
			runOnlyForDeploymentPostprocessing = 0;
		};
		6F977FC9AAA3E8EDA5F1D52D5068BF3B /* Frameworks */ = {
			isa = PBXFrameworksBuildPhase;
			buildActionMask = 2147483647;
			files = (
				ACF8391C7CB5C829F25335EE73AF8B26 /* PullToReach.framework in Frameworks */,
			);
			runOnlyForDeploymentPostprocessing = 0;
		};
/* End PBXFrameworksBuildPhase section */

/* Begin PBXGroup section */
		3B0C5B9189529F2D2FC6DCB24A91B982 /* Products */ = {
			isa = PBXGroup;
			children = (
				59C6AE3A73461926E756FB2BDDCD6C8D /* Spielebuch.app */,
				6258B5EE2D5BDC0EC0630FF4829D6F3E /* SpielebuchTests.xctest */,
			);
			name = Products;
			sourceTree = "<group>";
		};
		452A9F80ADD743F27AB80A7ABA671B92 /* VIP Cycle */ = {
			isa = PBXGroup;
			children = (
				71EF5F47D2AAC4553E7DC77A0DD36713 /* VIPSegue.swift */,
				C856FE8CE81B72CC70523ADFFDAE6DAB /* VIPViewController.swift */,
				BD3CDDF8D72E04DD9CD221EC3D775B51 /* VIPViewSetupData.swift */,
			);
			path = "VIP Cycle";
			sourceTree = "<group>";
		};
		88E05A2224F30FF9A1F43C58423A5B48 /* ModelsTests */ = {
			isa = PBXGroup;
			children = (
				04E447E7F69D61B0C0C6A5B94AA8CF81 /* GameGroupTests.swift */,
				8D441795AC8CC24F16114BBDBD0D687B /* GameTests.swift */,
				F650B1B1F6E39876B8BE70D8867392FE /* MatchTests.swift */,
				6080FD57DEFC9FEACB3C8FC92223ECAF /* Models+Defaults.swift */,
				AD9EBB2467903F34EE0A26577B11A2F3 /* PlayerTests.swift */,
				217EFDD854197E70C8C24D3D8BCFC4B7 /* ScoreTests.swift */,
			);
			path = ModelsTests;
			sourceTree = "<group>";
		};
		97EBF3B2DD23B288D64B7AB4BFEFBB9E /* SpielebuchTests */ = {
			isa = PBXGroup;
			children = (
				88E05A2224F30FF9A1F43C58423A5B48 /* ModelsTests */,
				B5864E860E11B97785B118BDB1187DA7 /* Info.plist */,
				F43CAA17E0232D04492E941602D20052 /* TestTypeExtensions.swift */,
			);
			path = SpielebuchTests;
			sourceTree = "<group>";
		};
		B510C4E0E2B77628CCFE606E9490DB00 /* Spielebuch */ = {
			isa = PBXGroup;
			children = (
				EE661F2E1BE2DCDAEDC2207F382B0174 /* Models */,
				452A9F80ADD743F27AB80A7ABA671B92 /* VIP Cycle */,
				D3017BF7683DEB35A8087517474C9E4A /* View - Home */,
				123A58E94F8AE93E01E4DECC8B8B2D05 /* AppDelegate.swift */,
				6D71B3315BA185E1E807BC2929C25A83 /* Assets.xcassets */,
				FB2EE79F29A6FA7125E05DEC3F7360F4 /* Info.plist */,
				AB0838AED6EA30674528D184F71B421A /* LaunchScreen.storyboard */,
				1C896A6CEB4917BBBA108DD777B034CF /* Main.storyboard */,
				5D7CF9B8ACADF573883959B6AB30F055 /* Spielebuch.xcdatamodeld */,
				509704EB9F321586D68677594752BC13 /* Type Extensions.swift */,
				47FBEF1B20FA2EF264328AF13178409F /* ViewController.swift */,
			);
			path = Spielebuch;
			sourceTree = "<group>";
		};
		D3017BF7683DEB35A8087517474C9E4A /* View - Home */ = {
			isa = PBXGroup;
			children = (
				B8ACA768FFB712610F61D1D02C33B1A7 /* HomeInterpreter.swift */,
				4CEE9E25B2F71F2169DF6298500EB4EA /* HomePresenter.swift */,
				EB1590884360BECCCE28E39412E62C01 /* HomeView.swift */,
			);
			path = "View - Home";
			sourceTree = "<group>";
		};
		1E43F8FBDB5A010DB87368F493968584 /* Frameworks */ = {
			isa = PBXGroup;
			children = (
				12D2EE4975CD60DC8BAE50D699CA8386 /* PullToReach.framework */,
			);
			name = Frameworks;
			sourceTree = "<group>";
		};
		E15AE00286416F7B9BF6FE56383F9C76 = {
			isa = PBXGroup;
			children = (
				1E43F8FBDB5A010DB87368F493968584 /* Frameworks */,
				3B0C5B9189529F2D2FC6DCB24A91B982 /* Products */,
				B510C4E0E2B77628CCFE606E9490DB00 /* Spielebuch */,
				97EBF3B2DD23B288D64B7AB4BFEFBB9E /* SpielebuchTests */,
			);
			sourceTree = "<group>";
		};
		EE661F2E1BE2DCDAEDC2207F382B0174 /* Models */ = {
			isa = PBXGroup;
			children = (
				4D225D33F61D074727EF83E5235CC115 /* Game.swift */,
				FCEE882FA46650F1F678B3245474E582 /* GameGroup.swift */,
				B0DB9DCD5712A55916A60AAE41CB0071 /* Match.swift */,
				F7F033747AC483C496F37894CCE09636 /* Player.swift */,
				74D987E8D18E77AD7D811E8518647AA9 /* Score.swift */,
			);
			path = Models;
			sourceTree = "<group>";
		};
/* End PBXGroup section */

/* Begin PBXNativeTarget section */
		28E88ABB205CDBC162123D3F54AD1680 /* SpielebuchTests */ = {
			isa = PBXNativeTarget;
			buildConfigurationList = DEA64E1003B2C639163512403D0ACD02 /* Build configuration list for PBXNativeTarget "SpielebuchTests" */;
			buildPhases = (
				D152DE3B36180E53840AEA4A907D02D3 /* Sources */,
				69DC84AF2B5D7F0D6C602B977C141A65 /* Frameworks */,
				39352B51F16E98276BD66E606E7F6928 /* Resources */,
			);
			buildRules = (
			);
			dependencies = (
				374D38E47927EF76A66CB37FB7EA5E7C /* PBXTargetDependency */,
			);
			name = SpielebuchTests;
			productName = SpielebuchTests;
			productReference = 6258B5EE2D5BDC0EC0630FF4829D6F3E /* SpielebuchTests.xctest */;
			productType = "com.apple.product-type.bundle.unit-test";
		};
		C3D4468F83ECD290BAFF08C1BF80A474 /* Spielebuch */ = {
			isa = PBXNativeTarget;
			buildConfigurationList = 60AC28F5DCC6570AF6DA4954E409FD20 /* Build configuration list for PBXNativeTarget "Spielebuch" */;
			buildPhases = (
				C5A45208537FAE74925D74BCE79AB709 /* Sources */,
				6F977FC9AAA3E8EDA5F1D52D5068BF3B /* Frameworks */,
				3E9D267EDF08F2E9F9E068CA5AD30D08 /* Resources */,
				8F824D4F592EAD35AF2AA2FF4F1A32E4 /* Carthage */,
			);
			buildRules = (
			);
			dependencies = (
			);
			name = Spielebuch;
			productName = Spielebuch;
			productReference = 59C6AE3A73461926E756FB2BDDCD6C8D /* Spielebuch.app */;
			productType = "com.apple.product-type.application";
		};
/* End PBXNativeTarget section */

/* Begin PBXProject section */
		536CFBA0EEAF40EBA4892DD68F31F7B6 /* Project object */ = {
			isa = PBXProject;
			attributes = {
				LastSwiftUpdateCheck = 1010;
				LastUpgradeCheck = 1010;
				ORGANIZATIONNAME = "Benno Kress";
				TargetAttributes = {
					28E88ABB205CDBC162123D3F54AD1680 = {
						CreatedOnToolsVersion = 10.1;
						LastSwiftMigration = 1020;
						TestTargetID = C3D4468F83ECD290BAFF08C1BF80A474;
					};
					C3D4468F83ECD290BAFF08C1BF80A474 = {
						CreatedOnToolsVersion = 10.1;
						LastSwiftMigration = 1020;
					};
				};
			};
			buildConfigurationList = 112F830A827A3DCE9B34663D497720D4 /* Build configuration list for PBXProject "Spielebuch" */;
			compatibilityVersion = "Xcode 9.3";
			developmentRegion = en;
			hasScannedForEncodings = 0;
			knownRegions = (
				en,
				Base,
			);
			mainGroup = E15AE00286416F7B9BF6FE56383F9C76;
			productRefGroup = 3B0C5B9189529F2D2FC6DCB24A91B982 /* Products */;
			projectDirPath = "";
			projectRoot = "";
			targets = (
				C3D4468F83ECD290BAFF08C1BF80A474 /* Spielebuch */,
				28E88ABB205CDBC162123D3F54AD1680 /* SpielebuchTests */,
			);
		};
/* End PBXProject section */

/* Begin PBXResourcesBuildPhase section */
		39352B51F16E98276BD66E606E7F6928 /* Resources */ = {
			isa = PBXResourcesBuildPhase;
			buildActionMask = 2147483647;
			files = (
			);
			runOnlyForDeploymentPostprocessing = 0;
		};
		3E9D267EDF08F2E9F9E068CA5AD30D08 /* Resources */ = {
			isa = PBXResourcesBuildPhase;
			buildActionMask = 2147483647;
			files = (
				190624C18C971F4E122EE06F96A4E089 /* Assets.xcassets in Resources */,
				EF791F29C1141CAD55D1A3288A3ACC52 /* LaunchScreen.storyboard in Resources */,
				48E5C920B860C224AA153B212D2AD01C /* Main.storyboard in Resources */,
			);
			runOnlyForDeploymentPostprocessing = 0;
		};
/* End PBXResourcesBuildPhase section */

/* Begin PBXShellScriptBuildPhase section */
		8F824D4F592EAD35AF2AA2FF4F1A32E4 /* Carthage */ = {
			isa = PBXShellScriptBuildPhase;
			buildActionMask = 2147483647;
			files = (
			);
			inputFileListPaths = (
			);
			inputPaths = (
				"$(SRCROOT)/Carthage/Build/iOS/PullToReach.framework",
			);
			name = Carthage;
			outputFileListPaths = (
			);
			outputPaths = (
			);
			runOnlyForDeploymentPostprocessing = 0;
			shellPath = /bin/sh;
			shellScript = "/usr/local/bin/carthage copy-frameworks\n";
		};
/* End PBXShellScriptBuildPhase section */

/* Begin PBXSourcesBuildPhase section */
		C5A45208537FAE74925D74BCE79AB709 /* Sources */ = {
			isa = PBXSourcesBuildPhase;
			buildActionMask = 2147483647;
			files = (
				1621FEE10894216589A4CDF6E0EEDFAB /* AppDelegate.swift in Sources */,
				236F3E8D95DC0C98BDBDCEE25C51A967 /* Game.swift in Sources */,
				46108B95119B5A2AECAE155902562871 /* GameGroup.swift in Sources */,
				1042D5514D203B70BD8D5BC285FC0BFC /* HomeInterpreter.swift in Sources */,
				8DB10ABB2F198B002401F69D8B2960D2 /* HomePresenter.swift in Sources */,
				64F30952C0F0A24C7EBD548637191AEF /* HomeView.swift in Sources */,
				ACFC7E969A7A3A145261AAC6EB720DE7 /* Match.swift in Sources */,
				02DCACE5F86E06637A266E168CE4D7ED /* Player.swift in Sources */,
				A176D406BE9B9E60FCA78015293D3189 /* Score.swift in Sources */,
				66DC8A2A485B9F48470BF79D0F125106 /* Spielebuch.xcdatamodeld in Sources */,
				B869AF56CA63279608AD87A47BC52AE3 /* Type Extensions.swift in Sources */,
				CE8C85867565B13BE32A3F239DA6484C /* VIPSegue.swift in Sources */,
				38252DC54A29CF296DB98D9496897F63 /* VIPViewController.swift in Sources */,
				50CB96F2D8FC115AE07D3C6737D616DC /* VIPViewSetupData.swift in Sources */,
				0E27DF57671D58630FF2FF7C2EECC2DB /* ViewController.swift in Sources */,
			);
			runOnlyForDeploymentPostprocessing = 0;
		};
		D152DE3B36180E53840AEA4A907D02D3 /* Sources */ = {
			isa = PBXSourcesBuildPhase;
			buildActionMask = 2147483647;
			files = (
				65F017F1CF2BCB72BA4222D75E26AC5A /* GameGroupTests.swift in Sources */,
				FACE9C643A18EBB75745BFDE488CE0D3 /* GameTests.swift in Sources */,
				EAF84487C9F5AD12F279BC0F23C2C573 /* MatchTests.swift in Sources */,
				8CC349FC1C802B83E799A330D4F6311C /* Models+Defaults.swift in Sources */,
				0E10FAC9B556BF06AF4DEE1B135F1EA3 /* PlayerTests.swift in Sources */,
				3618AF41C15F37A33E65F9F9D47BBB9B /* ScoreTests.swift in Sources */,
				1253038DFD3AC878D9A31A7EFE1DA7CE /* TestTypeExtensions.swift in Sources */,
			);
			runOnlyForDeploymentPostprocessing = 0;
		};
/* End PBXSourcesBuildPhase section */

/* Begin PBXTargetDependency section */
		374D38E47927EF76A66CB37FB7EA5E7C /* PBXTargetDependency */ = {
			isa = PBXTargetDependency;
			target = C3D4468F83ECD290BAFF08C1BF80A474 /* Spielebuch */;
			targetProxy = 509261C139B446896FBE5EFA3D8825F8 /* PBXContainerItemProxy */;
		};
/* End PBXTargetDependency section */

/* Begin PBXVariantGroup section */
		1C896A6CEB4917BBBA108DD777B034CF /* Main.storyboard */ = {
			isa = PBXVariantGroup;
			children = (
				9BDE7A7FAE83701E5F68043D7BCE2BA2 /* Base */,
			);
			name = Main.storyboard;
			sourceTree = "<group>";
		};
		AB0838AED6EA30674528D184F71B421A /* LaunchScreen.storyboard */ = {
			isa = PBXVariantGroup;
			children = (
				A95896FC88B5CA82B23F0859F626C4EE /* Base */,
			);
			name = LaunchScreen.storyboard;
			sourceTree = "<group>";
		};
/* End PBXVariantGroup section */

/* Begin XCBuildConfiguration section */
		1F1954D9596F64ADE1EE830716998A09 /* Debug */ = {
			isa = XCBuildConfiguration;
			buildSettings = {
				ALWAYS_SEARCH_USER_PATHS = NO;
				CLANG_ANALYZER_NONNULL = YES;
				CLANG_ANALYZER_NUMBER_OBJECT_CONVERSION = YES_AGGRESSIVE;
				CLANG_CXX_LANGUAGE_STANDARD = "gnu++14";
				CLANG_CXX_LIBRARY = "libc++";
				CLANG_ENABLE_MODULES = YES;
				CLANG_ENABLE_OBJC_ARC = YES;
				CLANG_ENABLE_OBJC_WEAK = YES;
				CLANG_WARN_BLOCK_CAPTURE_AUTORELEASING = YES;
				CLANG_WARN_BOOL_CONVERSION = YES;
				CLANG_WARN_COMMA = YES;
				CLANG_WARN_CONSTANT_CONVERSION = YES;
				CLANG_WARN_DEPRECATED_OBJC_IMPLEMENTATIONS = YES;
				CLANG_WARN_DIRECT_OBJC_ISA_USAGE = YES_ERROR;
				CLANG_WARN_DOCUMENTATION_COMMENTS = YES;
				CLANG_WARN_EMPTY_BODY = YES;
				CLANG_WARN_ENUM_CONVERSION = YES;
				CLANG_WARN_INFINITE_RECURSION = YES;
				CLANG_WARN_INT_CONVERSION = YES;
				CLANG_WARN_NON_LITERAL_NULL_CONVERSION = YES;
				CLANG_WARN_OBJC_IMPLICIT_RETAIN_SELF = YES;
				CLANG_WARN_OBJC_LITERAL_CONVERSION = YES;
				CLANG_WARN_OBJC_ROOT_CLASS = YES_ERROR;
				CLANG_WARN_RANGE_LOOP_ANALYSIS = YES;
				CLANG_WARN_STRICT_PROTOTYPES = YES;
				CLANG_WARN_SUSPICIOUS_MOVE = YES;
				CLANG_WARN_UNGUARDED_AVAILABILITY = YES_AGGRESSIVE;
				CLANG_WARN_UNREACHABLE_CODE = YES;
				CLANG_WARN__DUPLICATE_METHOD_MATCH = YES;
				CODE_SIGN_IDENTITY = "iPhone Developer";
				COPY_PHASE_STRIP = NO;
				DEBUG_INFORMATION_FORMAT = dwarf;
				ENABLE_STRICT_OBJC_MSGSEND = YES;
				ENABLE_TESTABILITY = YES;
				GCC_C_LANGUAGE_STANDARD = gnu11;
				GCC_DYNAMIC_NO_PIC = NO;
				GCC_NO_COMMON_BLOCKS = YES;
				GCC_OPTIMIZATION_LEVEL = 0;
				GCC_PREPROCESSOR_DEFINITIONS = (
					"DEBUG=1",
					"$(inherited)",
				);
				GCC_WARN_64_TO_32_BIT_CONVERSION = YES;
				GCC_WARN_ABOUT_RETURN_TYPE = YES_ERROR;
				GCC_WARN_UNDECLARED_SELECTOR = YES;
				GCC_WARN_UNINITIALIZED_AUTOS = YES_AGGRESSIVE;
				GCC_WARN_UNUSED_FUNCTION = YES;
				GCC_WARN_UNUSED_VARIABLE = YES;
				IPHONEOS_DEPLOYMENT_TARGET = 12.1;
				MTL_ENABLE_DEBUG_INFO = INCLUDE_SOURCE;
				MTL_FAST_MATH = YES;
				ONLY_ACTIVE_ARCH = YES;
				SDKROOT = iphoneos;
				SWIFT_ACTIVE_COMPILATION_CONDITIONS = DEBUG;
				SWIFT_OPTIMIZATION_LEVEL = "-Onone";
			};
			name = Debug;
		};
		32911FFDCE7CA6C7B84AF00A976CFB80 /* Release */ = {
			isa = XCBuildConfiguration;
			buildSettings = {
				ASSETCATALOG_COMPILER_APPICON_NAME = AppIcon;
				CODE_SIGN_STYLE = Automatic;
				DEVELOPMENT_TEAM = EM47M4JQ9E;
				FRAMEWORK_SEARCH_PATHS = (
					"$(inherited)",
					"$(PROJECT_DIR)/Carthage/Build/iOS",
				);
				INFOPLIST_FILE = Spielebuch/Info.plist;
				LD_RUNPATH_SEARCH_PATHS = (
					"$(inherited)",
					"@executable_path/Frameworks",
				);
				PRODUCT_BUNDLE_IDENTIFIER = com.bennokress.Spielebuch;
				PRODUCT_NAME = "$(TARGET_NAME)";
				SWIFT_VERSION = 5.0;
				TARGETED_DEVICE_FAMILY = "1,2";
			};
			name = Release;
		};
		556A3912AA43F3F6C00AD3F4F8D337DB /* Debug */ = {
			isa = XCBuildConfiguration;
			buildSettings = {
				ASSETCATALOG_COMPILER_APPICON_NAME = AppIcon;
				CODE_SIGN_STYLE = Automatic;
				DEVELOPMENT_TEAM = EM47M4JQ9E;
				FRAMEWORK_SEARCH_PATHS = (
					"$(inherited)",
					"$(PROJECT_DIR)/Carthage/Build/iOS",
				);
				INFOPLIST_FILE = Spielebuch/Info.plist;
				LD_RUNPATH_SEARCH_PATHS = (
					"$(inherited)",
					"@executable_path/Frameworks",
				);
				PRODUCT_BUNDLE_IDENTIFIER = com.bennokress.Spielebuch;
				PRODUCT_NAME = "$(TARGET_NAME)";
				SWIFT_VERSION = 5.0;
				TARGETED_DEVICE_FAMILY = "1,2";
			};
			name = Debug;
		};
		7A48B8C0E9CE829F256EBD11FFDBA61C /* Release */ = {
			isa = XCBuildConfiguration;
			buildSettings = {
				ALWAYS_EMBED_SWIFT_STANDARD_LIBRARIES = YES;
				BUNDLE_LOADER = "$(TEST_HOST)";
				CODE_SIGN_STYLE = Automatic;
				DEVELOPMENT_TEAM = EM47M4JQ9E;
				INFOPLIST_FILE = SpielebuchTests/Info.plist;
				LD_RUNPATH_SEARCH_PATHS = (
					"$(inherited)",
					"@executable_path/Frameworks",
					"@loader_path/Frameworks",
				);
				PRODUCT_BUNDLE_IDENTIFIER = com.bennokress.SpielebuchTests;
				PRODUCT_NAME = "$(TARGET_NAME)";
				SWIFT_VERSION = 5.0;
				TARGETED_DEVICE_FAMILY = "1,2";
				TEST_HOST = "$(BUILT_PRODUCTS_DIR)/Spielebuch.app/Spielebuch";
			};
			name = Release;
		};
		94034D16BD08B39E304B6A394244AD79 /* Debug */ = {
			isa = XCBuildConfiguration;
			buildSettings = {
				ALWAYS_EMBED_SWIFT_STANDARD_LIBRARIES = YES;
				BUNDLE_LOADER = "$(TEST_HOST)";
				CODE_SIGN_STYLE = Automatic;
				DEVELOPMENT_TEAM = EM47M4JQ9E;
				INFOPLIST_FILE = SpielebuchTests/Info.plist;
				LD_RUNPATH_SEARCH_PATHS = (
					"$(inherited)",
					"@executable_path/Frameworks",
					"@loader_path/Frameworks",
				);
				PRODUCT_BUNDLE_IDENTIFIER = com.bennokress.SpielebuchTests;
				PRODUCT_NAME = "$(TARGET_NAME)";
				SWIFT_VERSION = 5.0;
				TARGETED_DEVICE_FAMILY = "1,2";
				TEST_HOST = "$(BUILT_PRODUCTS_DIR)/Spielebuch.app/Spielebuch";
			};
			name = Debug;
		};
		A752D99B02BF3D5A73B67980D19AD595 /* Release */ = {
			isa = XCBuildConfiguration;
			buildSettings = {
				ALWAYS_SEARCH_USER_PATHS = NO;
				CLANG_ANALYZER_NONNULL = YES;
				CLANG_ANALYZER_NUMBER_OBJECT_CONVERSION = YES_AGGRESSIVE;
				CLANG_CXX_LANGUAGE_STANDARD = "gnu++14";
				CLANG_CXX_LIBRARY = "libc++";
				CLANG_ENABLE_MODULES = YES;
				CLANG_ENABLE_OBJC_ARC = YES;
				CLANG_ENABLE_OBJC_WEAK = YES;
				CLANG_WARN_BLOCK_CAPTURE_AUTORELEASING = YES;
				CLANG_WARN_BOOL_CONVERSION = YES;
				CLANG_WARN_COMMA = YES;
				CLANG_WARN_CONSTANT_CONVERSION = YES;
				CLANG_WARN_DEPRECATED_OBJC_IMPLEMENTATIONS = YES;
				CLANG_WARN_DIRECT_OBJC_ISA_USAGE = YES_ERROR;
				CLANG_WARN_DOCUMENTATION_COMMENTS = YES;
				CLANG_WARN_EMPTY_BODY = YES;
				CLANG_WARN_ENUM_CONVERSION = YES;
				CLANG_WARN_INFINITE_RECURSION = YES;
				CLANG_WARN_INT_CONVERSION = YES;
				CLANG_WARN_NON_LITERAL_NULL_CONVERSION = YES;
				CLANG_WARN_OBJC_IMPLICIT_RETAIN_SELF = YES;
				CLANG_WARN_OBJC_LITERAL_CONVERSION = YES;
				CLANG_WARN_OBJC_ROOT_CLASS = YES_ERROR;
				CLANG_WARN_RANGE_LOOP_ANALYSIS = YES;
				CLANG_WARN_STRICT_PROTOTYPES = YES;
				CLANG_WARN_SUSPICIOUS_MOVE = YES;
				CLANG_WARN_UNGUARDED_AVAILABILITY = YES_AGGRESSIVE;
				CLANG_WARN_UNREACHABLE_CODE = YES;
				CLANG_WARN__DUPLICATE_METHOD_MATCH = YES;
				CODE_SIGN_IDENTITY = "iPhone Developer";
				COPY_PHASE_STRIP = NO;
				DEBUG_INFORMATION_FORMAT = "dwarf-with-dsym";
				ENABLE_NS_ASSERTIONS = NO;
				ENABLE_STRICT_OBJC_MSGSEND = YES;
				GCC_C_LANGUAGE_STANDARD = gnu11;
				GCC_NO_COMMON_BLOCKS = YES;
				GCC_WARN_64_TO_32_BIT_CONVERSION = YES;
				GCC_WARN_ABOUT_RETURN_TYPE = YES_ERROR;
				GCC_WARN_UNDECLARED_SELECTOR = YES;
				GCC_WARN_UNINITIALIZED_AUTOS = YES_AGGRESSIVE;
				GCC_WARN_UNUSED_FUNCTION = YES;
				GCC_WARN_UNUSED_VARIABLE = YES;
				IPHONEOS_DEPLOYMENT_TARGET = 12.1;
				MTL_ENABLE_DEBUG_INFO = NO;
				MTL_FAST_MATH = YES;
				SDKROOT = iphoneos;
				SWIFT_COMPILATION_MODE = wholemodule;
				SWIFT_OPTIMIZATION_LEVEL = "-O";
				VALIDATE_PRODUCT = YES;
			};
			name = Release;
		};
/* End XCBuildConfiguration section */

/* Begin XCConfigurationList section */
		112F830A827A3DCE9B34663D497720D4 /* Build configuration list for PBXProject "Spielebuch" */ = {
			isa = XCConfigurationList;
			buildConfigurations = (
				1F1954D9596F64ADE1EE830716998A09 /* Debug */,
				A752D99B02BF3D5A73B67980D19AD595 /* Release */,
			);
			defaultConfigurationIsVisible = 0;
			defaultConfigurationName = Release;
		};
		60AC28F5DCC6570AF6DA4954E409FD20 /* Build configuration list for PBXNativeTarget "Spielebuch" */ = {
			isa = XCConfigurationList;
			buildConfigurations = (
				556A3912AA43F3F6C00AD3F4F8D337DB /* Debug */,
				32911FFDCE7CA6C7B84AF00A976CFB80 /* Release */,
			);
			defaultConfigurationIsVisible = 0;
			defaultConfigurationName = Release;
		};
		DEA64E1003B2C639163512403D0ACD02 /* Build configuration list for PBXNativeTarget "SpielebuchTests" */ = {
			isa = XCConfigurationList;
			buildConfigurations = (
				94034D16BD08B39E304B6A394244AD79 /* Debug */,
				7A48B8C0E9CE829F256EBD11FFDBA61C /* Release */,
			);
			defaultConfigurationIsVisible = 0;
			defaultConfigurationName = Release;
		};
/* End XCConfigurationList section */

/* Begin XCVersionGroup section */
		5D7CF9B8ACADF573883959B6AB30F055 /* Spielebuch.xcdatamodeld */ = {
			isa = XCVersionGroup;
			children = (
				115F9414EEEC7B2753E12E9DCA3423B0 /* Spielebuch.xcdatamodel */,
			);
			currentVersion = 115F9414EEEC7B2753E12E9DCA3423B0 /* Spielebuch.xcdatamodel */;
			path = Spielebuch.xcdatamodeld;
			sourceTree = "<group>";
			versionGroupType = wrapper.xcdatamodel;
		};
/* End XCVersionGroup section */
	};
	rootObject = 536CFBA0EEAF40EBA4892DD68F31F7B6 /* Project object */;
}
